#MicroXplorer Configuration settings - do not modify
File.Version=6
KeepUserPlacement=true
Mcu.ContextProject=TrustZoneDisabled
Mcu.Family=STM32L5
Mcu.IP0=ICACHE
Mcu.IP1=NVIC
Mcu.IP2=PWR
Mcu.IP3=RCC
Mcu.IP4=SPI3
Mcu.IP5=SYS
Mcu.IP6=USART1
Mcu.IPNb=7
Mcu.Name=STM32L562QEIxQ
Mcu.Package=UFBGA132
Mcu.Pin0=PB6
Mcu.Pin1=PD6
Mcu.Pin2=PG9
Mcu.Pin3=PG10
Mcu.Pin4=PB7
Mcu.Pin5=PB5
Mcu.Pin6=VP_ICACHE_VS_ICACHE
Mcu.Pin7=VP_PWR_VS_DBSignals
Mcu.Pin8=VP_SYS_VS_Systick
Mcu.Pin9=VP_USART1_VNSS
Mcu.PinsNb=10
Mcu.ThirdPartyNb=0
Mcu.UserConstants=
Mcu.UserName=STM32L562QEIxQ
MxCube.Version=6.2.0
MxDb.Version=DB.6.0.20
NVIC.BusFault_IRQn=true\:0\:0\:false\:false\:true\:false\:false
NVIC.DebugMonitor_IRQn=true\:0\:0\:false\:false\:true\:false\:false
NVIC.ForceEnableDMAVector=true
NVIC.HardFault_IRQn=true\:0\:0\:false\:false\:true\:false\:false
NVIC.MemoryManagement_IRQn=true\:0\:0\:false\:false\:true\:false\:false
NVIC.NonMaskableInt_IRQn=true\:0\:0\:false\:false\:true\:false\:false
NVIC.PendSV_IRQn=true\:0\:0\:false\:false\:true\:false\:false
NVIC.PriorityGroup=NVIC_PRIORITYGROUP_3
NVIC.SVCall_IRQn=true\:0\:0\:false\:false\:true\:false\:false
NVIC.SysTick_IRQn=true\:0\:0\:false\:false\:true\:false\:true
NVIC.UsageFault_IRQn=true\:0\:0\:false\:false\:true\:false\:false
PB5.GPIOParameters=GPIO_Speed
PB5.GPIO_Speed=GPIO_SPEED_FREQ_VERY_HIGH
PB5.Locked=true
PB5.Mode=Synchronous Slave
PB5.Signal=USART1_CK
PB6.GPIOParameters=GPIO_Speed
PB6.GPIO_Speed=GPIO_SPEED_FREQ_VERY_HIGH
PB6.Locked=true
PB6.Mode=Synchronous Slave
PB6.Signal=USART1_TX
PB7.GPIOParameters=GPIO_Speed
PB7.GPIO_Speed=GPIO_SPEED_FREQ_VERY_HIGH
PB7.Locked=true
PB7.Mode=Synchronous Slave
PB7.Signal=USART1_RX
PD6.GPIOParameters=GPIO_Speed,GPIO_PuPd
PD6.GPIO_PuPd=GPIO_PULLDOWN
PD6.GPIO_Speed=GPIO_SPEED_FREQ_VERY_HIGH
PD6.Locked=true
PD6.Mode=Full_Duplex_Master
PD6.Signal=SPI3_MOSI
PG10.GPIOParameters=GPIO_Speed,GPIO_PuPd
PG10.GPIO_PuPd=GPIO_PULLDOWN
PG10.GPIO_Speed=GPIO_SPEED_FREQ_VERY_HIGH
PG10.Locked=true
PG10.Mode=Full_Duplex_Master
PG10.Signal=SPI3_MISO
PG9.GPIOParameters=GPIO_Speed,GPIO_PuPd
PG9.GPIO_PuPd=GPIO_PULLDOWN
PG9.GPIO_Speed=GPIO_SPEED_FREQ_VERY_HIGH
PG9.Locked=true
PG9.Mode=Full_Duplex_Master
PG9.Signal=SPI3_SCK
PinOutPanel.CurrentBGAView=Top
PinOutPanel.RotationAngle=0
ProjectManager.AskForMigrate=true
ProjectManager.BackupPrevious=false
ProjectManager.CompilerOptimize=6
ProjectManager.ComputerToolchain=false
ProjectManager.CoupleFile=false
ProjectManager.DeletePrevious=true
ProjectManager.DeviceId=STM32L562QEIxQ
ProjectManager.FreePins=false
ProjectManager.HalAssertFull=false
ProjectManager.HeapSize=0x200
ProjectManager.KeepUserCode=true
ProjectManager.LastFirmware=true
ProjectManager.LibraryCopy=2
ProjectManager.MainLocation=Src
ProjectManager.NoMain=false
ProjectManager.PreviousToolchain=
ProjectManager.ProjectBuild=false
ProjectManager.ProjectFileName=USART_SlaveMode.ioc
ProjectManager.ProjectName=USART_SlaveMode
ProjectManager.RegisterCallBack=
ProjectManager.StackSize=0x400
ProjectManager.TargetToolchain=EWARM V8.32
ProjectManager.ToolChainLocation=
ProjectManager.UnderRoot=false
ProjectManager.functionlistsort=1-SystemClock_Config-RCC-false-HAL-false,2-MX_ICACHE_Init-ICACHE-false-HAL-true,3-MX_GPIO_Init-GPIO-false-HAL-true,4-MX_SPI3_Init-SPI3-false-HAL-true,5-MX_USART1_Init-USART1-false-HAL-true,0-MX_PWR_Init-PWR-false-HAL-true
RCC.AHBFreq_Value=110000000
RCC.APB1Freq_Value=110000000
RCC.APB1TimFreq_Value=110000000
RCC.APB2Freq_Value=110000000
RCC.APB2TimFreq_Value=110000000
RCC.CK48CLockSelection=RCC_USBCLKSOURCE_MSI
RCC.CRSFreq_Value=48000000
RCC.CortexFreq_Value=110000000
RCC.DFSDMFreq_Value=110000000
RCC.FCLKCortexFreq_Value=110000000
RCC.FDCANFreq_Value=110000000
RCC.FamilyName=M
RCC.HCLKFreq_Value=110000000
RCC.HSE_VALUE=16000000
RCC.HSI48_VALUE=48000000
RCC.HSI_VALUE=16000000
RCC.I2C1Freq_Value=110000000
RCC.I2C2Freq_Value=110000000
RCC.I2C3Freq_Value=110000000
RCC.I2C4Freq_Value=110000000
RCC.IPParameters=AHBFreq_Value,APB1Freq_Value,APB1TimFreq_Value,APB2Freq_Value,APB2TimFreq_Value,CK48CLockSelection,CRSFreq_Value,CortexFreq_Value,DFSDMFreq_Value,FCLKCortexFreq_Value,FDCANFreq_Value,FamilyName,HCLKFreq_Value,HSE_VALUE,HSI48_VALUE,HSI_VALUE,I2C1Freq_Value,I2C2Freq_Value,I2C3Freq_Value,I2C4Freq_Value,LPTIM1Freq_Value,LPTIM2Freq_Value,LPTIM3Freq_Value,LPUART1Freq_Value,LSCOPinFreq_Value,LSE_VALUE,LSI_VALUE,MCO1PinFreq_Value,MSI_VALUE,OCTOSPIMFreq_Value,PLLN,PLLPoutputFreq_Value,PLLQoutputFreq_Value,PLLRCLKFreq_Value,PLLSAI1PoutputFreq_Value,PLLSAI1QoutputFreq_Value,PLLSAI1RoutputFreq_Value,PLLSAI2PoutputFreq_Value,PWRFreq_Value,RNGFreq_Value,SAI1Freq_Value,SAI2Freq_Value,SDMMCFreq_Value,SYSCLKFreq_VALUE,SYSCLKSource,UART4Freq_Value,UART5Freq_Value,USART1Freq_Value,USART2Freq_Value,USART3Freq_Value,USBFreq_Value,VCOInput2Freq_Value,VCOInput3Freq_Value,VCOInputFreq_Value,VCOOutputFreq_Value,VCOSAI1OutputFreq_Value,VCOSAI2OutputFreq_Value
RCC.LPTIM1Freq_Value=110000000
RCC.LPTIM2Freq_Value=110000000
RCC.LPTIM3Freq_Value=110000000
RCC.LPUART1Freq_Value=110000000
RCC.LSCOPinFreq_Value=32000
RCC.LSE_VALUE=32768
RCC.LSI_VALUE=32000
RCC.MCO1PinFreq_Value=110000000
RCC.MSI_VALUE=4000000
RCC.OCTOSPIMFreq_Value=110000000
RCC.PLLN=55
RCC.PLLPoutputFreq_Value=31428571.42857143
RCC.PLLQoutputFreq_Value=110000000
RCC.PLLRCLKFreq_Value=110000000
RCC.PLLSAI1PoutputFreq_Value=4571428.571428572
RCC.PLLSAI1QoutputFreq_Value=16000000
RCC.PLLSAI1RoutputFreq_Value=16000000
RCC.PLLSAI2PoutputFreq_Value=4571428.571428572
RCC.PWRFreq_Value=110000000
RCC.RNGFreq_Value=4000000
RCC.SAI1Freq_Value=4571428.571428572
RCC.SAI2Freq_Value=4571428.571428572
RCC.SDMMCFreq_Value=31428571.42857143
RCC.SYSCLKFreq_VALUE=110000000
RCC.SYSCLKSource=RCC_SYSCLKSOURCE_PLLCLK
RCC.UART4Freq_Value=110000000
RCC.UART5Freq_Value=110000000
RCC.USART1Freq_Value=110000000
RCC.USART2Freq_Value=110000000
RCC.USART3Freq_Value=110000000
RCC.USBFreq_Value=4000000
RCC.VCOInput2Freq_Value=4000000
RCC.VCOInput3Freq_Value=4000000
RCC.VCOInputFreq_Value=4000000
RCC.VCOOutputFreq_Value=220000000
RCC.VCOSAI1OutputFreq_Value=32000000
RCC.VCOSAI2OutputFreq_Value=32000000
SPI3.BaudRatePrescaler=SPI_BAUDRATEPRESCALER_256
SPI3.CalculateBaudRate=429.687 KBits/s
SPI3.DataSize=SPI_DATASIZE_8BIT
SPI3.Direction=SPI_DIRECTION_2LINES
SPI3.FirstBit=SPI_FIRSTBIT_LSB
SPI3.IPParameters=BaudRatePrescaler,VirtualType,Mode,Direction,CalculateBaudRate,FirstBit,DataSize
SPI3.Mode=SPI_MODE_MASTER
SPI3.VirtualType=VM_MASTER
USART1.BaudRate=9600
USART1.CLKLastBit=USART_LASTBIT_ENABLE
USART1.CLKPhase=USART_PHASE_1EDGE
USART1.CLKPolarity=USART_POLARITY_LOW
USART1.ClockPrescaler=PRESCALER_DIV1
USART1.FIFOMode=FIFOMODE_DISABLE
USART1.IPParameters=BaudRate,WordLength,Parity,StopBits,Mode,NSS,ClockPrescaler,SlaveMode,FIFOMode,TXFIFOThreshold,RXFIFOThreshold,CLKPolarity,CLKPhase,CLKLastBit,VirtualMode-Synchronous Slave
USART1.Mode=MODE_TX_RX
USART1.NSS=USART_NSS_SOFT
USART1.Parity=PARITY_NONE
USART1.RXFIFOThreshold=RXFIFO_THRESHOLD_1EIGHTHFULL
USART1.SlaveMode=USART_SLAVEMODE_ENABLE
USART1.StopBits=STOPBITS_1
USART1.TXFIFOThreshold=TXFIFO_THRESHOLD_1EIGHTHFULL
USART1.VirtualMode-Synchronous\ Slave=VM_SYNC
USART1.WordLength=WORDLENGTH_8B
VP_ICACHE_VS_ICACHE.Mode=DirectMappedCache
VP_ICACHE_VS_ICACHE.Signal=ICACHE_VS_ICACHE
VP_PWR_VS_DBSignals.Mode=DisableDeadBatterySignals
VP_PWR_VS_DBSignals.Signal=PWR_VS_DBSignals
VP_SYS_VS_Systick.Mode=SysTick
VP_SYS_VS_Systick.Signal=SYS_VS_Systick
VP_USART1_VNSS.Mode=Software NSS Management
VP_USART1_VNSS.Signal=USART1_VNSS
board=custom
