#MicroXplorer Configuration settings - do not modify
Dma.Request0=SAI1_A
Dma.RequestsNb=1
Dma.SAI1_A.0.Channel_PRIV_NPRIV=DMA_CHANNEL_NPRIV_DISABLE
Dma.SAI1_A.0.Direction=DMA_MEMORY_TO_PERIPH
Dma.SAI1_A.0.EventEnable=DISABLE
Dma.SAI1_A.0.Instance=DMA2_Channel1
Dma.SAI1_A.0.MemDataAlignment=DMA_MDATAALIGN_HALFWORD
Dma.SAI1_A.0.MemInc=DMA_MINC_ENABLE
Dma.SAI1_A.0.Mode=DMA_CIRCULAR
Dma.SAI1_A.0.PeriphDataAlignment=DMA_PDATAALIGN_HALFWORD
Dma.SAI1_A.0.PeriphInc=DMA_PINC_DISABLE
Dma.SAI1_A.0.Polarity=HAL_DMAMUX_REQ_GEN_RISING
Dma.SAI1_A.0.Priority=DMA_PRIORITY_HIGH
Dma.SAI1_A.0.RequestNumber=1
Dma.SAI1_A.0.RequestParameters=Instance,Direction,PeriphInc,MemInc,PeriphDataAlignment,MemDataAlignment,Mode,Priority,SignalID,Polarity,RequestNumber,SyncSignalID,SyncPolarity,SyncEnable,EventEnable,SyncRequestNumber,Channel_PRIV_NPRIV
Dma.SAI1_A.0.SignalID=NONE
Dma.SAI1_A.0.SyncEnable=DISABLE
Dma.SAI1_A.0.SyncPolarity=HAL_DMAMUX_SYNC_NO_EVENT
Dma.SAI1_A.0.SyncRequestNumber=1
Dma.SAI1_A.0.SyncSignalID=NONE
File.Version=6
GPIO.groupedBy=
KeepUserPlacement=true
Mcu.ContextProject=TrustZoneDisabled
Mcu.Family=STM32L5
Mcu.IP0=DMA
Mcu.IP1=ICACHE
Mcu.IP2=NVIC
Mcu.IP3=PWR
Mcu.IP4=RCC
Mcu.IP5=SAI1
Mcu.IP6=SYS
Mcu.IPNb=7
Mcu.Name=STM32L562QEIxQ
Mcu.Package=UFBGA132
Mcu.Pin0=PE5
Mcu.Pin1=PE4
Mcu.Pin2=PE2
Mcu.Pin3=PE6
Mcu.Pin4=VP_ICACHE_VS_ICACHE
Mcu.Pin5=VP_PWR_VS_DBSignals
Mcu.Pin6=VP_SYS_VS_Systick
Mcu.PinsNb=7
Mcu.ThirdPartyNb=0
Mcu.UserConstants=
Mcu.UserName=STM32L562QEIxQ
MxCube.Version=6.2.0
MxDb.Version=DB.6.0.20
NVIC.BusFault_IRQn=true\:0\:0\:false\:false\:true\:false\:false
NVIC.DMA2_Channel1_IRQn=true\:1\:0\:true\:false\:true\:true\:true
NVIC.DebugMonitor_IRQn=true\:0\:0\:false\:false\:true\:false\:false
NVIC.ForceEnableDMAVector=true
NVIC.HardFault_IRQn=true\:0\:0\:false\:false\:true\:false\:false
NVIC.MemoryManagement_IRQn=true\:0\:0\:false\:false\:true\:false\:false
NVIC.NonMaskableInt_IRQn=true\:0\:0\:false\:false\:true\:true\:false
NVIC.PendSV_IRQn=true\:0\:0\:false\:false\:true\:false\:false
NVIC.PriorityGroup=NVIC_PRIORITYGROUP_3
NVIC.SVCall_IRQn=true\:0\:0\:false\:false\:true\:false\:false
NVIC.SysTick_IRQn=true\:0\:0\:false\:false\:true\:false\:true
NVIC.UsageFault_IRQn=true\:0\:0\:false\:false\:true\:false\:false
PE2.GPIOParameters=GPIO_Speed
PE2.GPIO_Speed=GPIO_SPEED_FREQ_VERY_HIGH
PE2.Mode=SAI_A_MasterWithClock
PE2.Signal=SAI1_MCLK_A
PE4.GPIOParameters=GPIO_Speed
PE4.GPIO_Speed=GPIO_SPEED_FREQ_VERY_HIGH
PE4.Mode=SAI_A_MasterWithClock
PE4.Signal=SAI1_FS_A
PE5.GPIOParameters=GPIO_Speed
PE5.GPIO_Speed=GPIO_SPEED_FREQ_VERY_HIGH
PE5.Mode=SAI_A_MasterWithClock
PE5.Signal=SAI1_SCK_A
PE6.GPIOParameters=GPIO_Speed
PE6.GPIO_Speed=GPIO_SPEED_FREQ_VERY_HIGH
PE6.Mode=SAI_A_MasterWithClock
PE6.Signal=SAI1_SD_A
PinOutPanel.CurrentBGAView=Top
PinOutPanel.RotationAngle=0
ProjectManager.AskForMigrate=true
ProjectManager.BackupPrevious=false
ProjectManager.CompilerOptimize=6
ProjectManager.ComputerToolchain=false
ProjectManager.CoupleFile=false
ProjectManager.DeletePrevious=true
ProjectManager.DeviceId=STM32L562QEIxQ
ProjectManager.FreePins=false
ProjectManager.HalAssertFull=false
ProjectManager.HeapSize=0x200
ProjectManager.KeepUserCode=true
ProjectManager.LastFirmware=true
ProjectManager.LibraryCopy=2
ProjectManager.MainLocation=Src
ProjectManager.NoMain=false
ProjectManager.PreviousToolchain=
ProjectManager.ProjectBuild=false
ProjectManager.ProjectFileName=SAI_AudioPlay.ioc
ProjectManager.ProjectName=SAI_AudioPlay
ProjectManager.RegisterCallBack=
ProjectManager.StackSize=0x400
ProjectManager.TargetToolchain=EWARM V8.32
ProjectManager.ToolChainLocation=
ProjectManager.UnderRoot=false
ProjectManager.functionlistsort=1-SystemClock_Config-RCC-false-HAL-false,2-MX_ICACHE_Init-ICACHE-false-HAL-true,3-MX_GPIO_Init-GPIO-false-HAL-true,4-MX_DMA_Init-DMA-false-HAL-true,5-MX_SAI1_Init-SAI1-false-HAL-true,0-MX_PWR_Init-PWR-false-HAL-true
RCC.ADCFreq_Value=64500000
RCC.AHBFreq_Value=80000000
RCC.APB1CLKDivider=RCC_HCLK_DIV16
RCC.APB1Freq_Value=5000000
RCC.APB1TimFreq_Value=10000000
RCC.APB2Freq_Value=80000000
RCC.APB2TimFreq_Value=80000000
RCC.CK48CLockSelection=RCC_USBCLKSOURCE_MSI
RCC.CRSFreq_Value=48000000
RCC.CortexFreq_Value=80000000
RCC.DFSDMAudioFreq_Value=24000000
RCC.DFSDMFreq_Value=80000000
RCC.FCLKCortexFreq_Value=80000000
RCC.FDCANFreq_Value=80000000
RCC.FamilyName=M
RCC.HCLKFreq_Value=80000000
RCC.HSE_VALUE=16000000
RCC.HSI48_VALUE=48000000
RCC.HSI_VALUE=16000000
RCC.I2C1Freq_Value=5000000
RCC.I2C2Freq_Value=5000000
RCC.I2C3Freq_Value=5000000
RCC.I2C4Freq_Value=5000000
RCC.IPParameters=ADCFreq_Value,AHBFreq_Value,APB1CLKDivider,APB1Freq_Value,APB1TimFreq_Value,APB2Freq_Value,APB2TimFreq_Value,CK48CLockSelection,CRSFreq_Value,CortexFreq_Value,DFSDMAudioFreq_Value,DFSDMFreq_Value,FCLKCortexFreq_Value,FDCANFreq_Value,FamilyName,HCLKFreq_Value,HSE_VALUE,HSI48_VALUE,HSI_VALUE,I2C1Freq_Value,I2C2Freq_Value,I2C3Freq_Value,I2C4Freq_Value,LPTIM1Freq_Value,LPTIM2Freq_Value,LPTIM3Freq_Value,LPUART1Freq_Value,LSCOPinFreq_Value,LSE_VALUE,LSI_VALUE,MCO1PinFreq_Value,MSIClockRange,MSI_VALUE,OCTOSPIMFreq_Value,PLLN,PLLPoutputFreq_Value,PLLQoutputFreq_Value,PLLRCLKFreq_Value,PLLSAI1M,PLLSAI1N,PLLSAI1PoutputFreq_Value,PLLSAI1QoutputFreq_Value,PLLSAI1RoutputFreq_Value,PLLSAI2PoutputFreq_Value,PLLSourceVirtual,PWRFreq_Value,RNGFreq_Value,SAI1Freq_Value,SAI2Freq_Value,SDMMCFreq_Value,SYSCLKFreq_VALUE,SYSCLKSource,UART4Freq_Value,UART5Freq_Value,USART1Freq_Value,USART2Freq_Value,USART3Freq_Value,USBFreq_Value,VCOInput2Freq_Value,VCOInput3Freq_Value,VCOInputFreq_Value,VCOOutputFreq_Value,VCOSAI1OutputFreq_Value,VCOSAI2OutputFreq_Value
RCC.LPTIM1Freq_Value=5000000
RCC.LPTIM2Freq_Value=5000000
RCC.LPTIM3Freq_Value=5000000
RCC.LPUART1Freq_Value=5000000
RCC.LSCOPinFreq_Value=32000
RCC.LSE_VALUE=32768
RCC.LSI_VALUE=32000
RCC.MCO1PinFreq_Value=80000000
RCC.MSIClockRange=RCC_MSIRANGE_9
RCC.MSI_VALUE=24000000
RCC.OCTOSPIMFreq_Value=80000000
RCC.PLLN=10
RCC.PLLPoutputFreq_Value=22857142.85714286
RCC.PLLQoutputFreq_Value=80000000
RCC.PLLRCLKFreq_Value=80000000
RCC.PLLSAI1M=8
RCC.PLLSAI1N=43
RCC.PLLSAI1PoutputFreq_Value=18428571.42857143
RCC.PLLSAI1QoutputFreq_Value=64500000
RCC.PLLSAI1RoutputFreq_Value=64500000
RCC.PLLSAI2PoutputFreq_Value=27428571.42857143
RCC.PLLSourceVirtual=RCC_PLLSOURCE_HSI
RCC.PWRFreq_Value=80000000
RCC.RNGFreq_Value=24000000
RCC.SAI1Freq_Value=18428571.42857143
RCC.SAI2Freq_Value=18428571.42857143
RCC.SDMMCFreq_Value=22857142.85714286
RCC.SYSCLKFreq_VALUE=80000000
RCC.SYSCLKSource=RCC_SYSCLKSOURCE_PLLCLK
RCC.UART4Freq_Value=5000000
RCC.UART5Freq_Value=5000000
RCC.USART1Freq_Value=80000000
RCC.USART2Freq_Value=5000000
RCC.USART3Freq_Value=5000000
RCC.USBFreq_Value=24000000
RCC.VCOInput2Freq_Value=3000000
RCC.VCOInput3Freq_Value=24000000
RCC.VCOInputFreq_Value=16000000
RCC.VCOOutputFreq_Value=160000000
RCC.VCOSAI1OutputFreq_Value=129000000
RCC.VCOSAI2OutputFreq_Value=192000000
SAI1.ActiveFrameLength-SAI_A_MasterWithClock=16
SAI1.AudioFrequency-SAI_A_MasterWithClock=SAI_AUDIO_FREQUENCY_22K
SAI1.AudioMode-SAI_A_MasterWithClock=SAI_MODEMASTER_TX
SAI1.ClockStrobing-SAI_A_MasterWithClock=SAI_CLOCKSTROBING_FALLINGEDGE
SAI1.CompandingMode-SAI_A_MasterWithClock=SAI_NOCOMPANDING
SAI1.DataSize-SAI_A_MasterWithClock=SAI_DATASIZE_16
SAI1.ErrorAudioFreq-SAI_A_MasterWithClock=63.6 %
SAI1.FIFOThreshold-SAI_A_MasterWithClock=SAI_FIFOTHRESHOLD_1QF
SAI1.FSDefinition-SAI_A_MasterWithClock=SAI_FS_CHANNEL_IDENTIFICATION
SAI1.FSOffset-SAI_A_MasterWithClock=SAI_FS_BEFOREFIRSTBIT
SAI1.FSPolarity-SAI_A_MasterWithClock=SAI_FS_ACTIVE_LOW
SAI1.FirstBit-SAI_A_MasterWithClock=SAI_FIRSTBIT_MSB
SAI1.FirstBitOffset-SAI_A_MasterWithClock=0
SAI1.FrameLength-SAI_A_MasterWithClock=32
SAI1.IPParameters=Synchro_A,Protocol-SAI_A_MasterWithClock,AudioMode-SAI_A_MasterWithClock,FrameLength-SAI_A_MasterWithClock,DataSize-SAI_A_MasterWithClock,SlotSize-SAI_A_MasterWithClock,MonoStereoMode-SAI_A_MasterWithClock,CompandingMode-SAI_A_MasterWithClock,TriState-SAI_A_MasterWithClock,FirstBit-SAI_A_MasterWithClock,ActiveFrameLength-SAI_A_MasterWithClock,FSDefinition-SAI_A_MasterWithClock,FSPolarity-SAI_A_MasterWithClock,FSOffset-SAI_A_MasterWithClock,FirstBitOffset-SAI_A_MasterWithClock,SlotNumber-SAI_A_MasterWithClock,VirtualSlotActive-SAI_A_MasterWithClock,VirtualSlotActive0-SAI_A_MasterWithClock,VirtualSlotActive1-SAI_A_MasterWithClock,NoDivider-SAI_A_MasterWithClock,AudioFrequency-SAI_A_MasterWithClock,ClockStrobing-SAI_A_MasterWithClock,FIFOThreshold-SAI_A_MasterWithClock,OutputDrive-SAI_A_MasterWithClock,Instance-SAI_A_MasterWithClock,VirtualMode-SAI_A_MasterWithClock,MckOutput-SAI_A_MasterWithClock,SlotActive-SAI_A_MasterWithClock,RealAudioFreq-SAI_A_MasterWithClock,ErrorAudioFreq-SAI_A_MasterWithClock
SAI1.Instance-SAI_A_MasterWithClock=SAI$Index_Block_A
SAI1.MckOutput-SAI_A_MasterWithClock=SAI_MCK_OUTPUT_ENABLE
SAI1.MonoStereoMode-SAI_A_MasterWithClock=SAI_STEREOMODE
SAI1.NoDivider-SAI_A_MasterWithClock=SAI_MASTERDIVIDER_ENABLE
SAI1.OutputDrive-SAI_A_MasterWithClock=SAI_OUTPUTDRIVE_ENABLE
SAI1.Protocol-SAI_A_MasterWithClock=SAI_FREE_PROTOCOL
SAI1.RealAudioFreq-SAI_A_MasterWithClock=35.993 KHz
SAI1.SlotActive-SAI_A_MasterWithClock=0x00000003
SAI1.SlotNumber-SAI_A_MasterWithClock=2
SAI1.SlotSize-SAI_A_MasterWithClock=SAI_SLOTSIZE_DATASIZE
SAI1.Synchro_A=SAI_ASYNCHRONOUS
SAI1.TriState-SAI_A_MasterWithClock=SAI_OUTPUT_NOTRELEASED
SAI1.VirtualMode-SAI_A_MasterWithClock=VM_MASTER
SAI1.VirtualSlotActive-SAI_A_MasterWithClock=SAI_SLOT_USERSETTING
SAI1.VirtualSlotActive0-SAI_A_MasterWithClock=true
SAI1.VirtualSlotActive1-SAI_A_MasterWithClock=true
VP_ICACHE_VS_ICACHE.Mode=DirectMappedCache
VP_ICACHE_VS_ICACHE.Signal=ICACHE_VS_ICACHE
VP_PWR_VS_DBSignals.Mode=DisableDeadBatterySignals
VP_PWR_VS_DBSignals.Signal=PWR_VS_DBSignals
VP_SYS_VS_Systick.Mode=SysTick
VP_SYS_VS_Systick.Signal=SYS_VS_Systick
board=custom
