#MicroXplorer Configuration settings - do not modify
File.Version=6
KeepUserPlacement=true
Mcu.ContextProject=TrustZoneDisabled
Mcu.Family=STM32L5
Mcu.IP0=ICACHE
Mcu.IP1=NVIC
Mcu.IP2=PWR
Mcu.IP3=RCC
Mcu.IP4=SYS
Mcu.IP5=TIM1
Mcu.IP6=TIM2
Mcu.IPNb=7
Mcu.Name=STM32L552Z(C-E)TxQ
Mcu.Package=LQFP144
Mcu.Pin0=PC13
Mcu.Pin1=PA1
Mcu.Pin2=PA5
Mcu.Pin3=PA8
Mcu.Pin4=VP_ICACHE_VS_ICACHE
Mcu.Pin5=VP_PWR_VS_DBSignals
Mcu.Pin6=VP_SYS_VS_Systick
Mcu.Pin7=VP_TIM1_VS_OPM
Mcu.Pin8=VP_TIM2_VS_ControllerModeTrigger
Mcu.Pin9=VP_TIM2_VS_OPM
Mcu.PinsNb=10
Mcu.ThirdPartyNb=0
Mcu.TrustZone=disable
Mcu.UserConstants=
Mcu.UserName=STM32L552ZETxQ
MxCube.Version=6.2.0
MxDb.Version=DB.6.0.20
NVIC.BusFault_IRQn=true\:0\:0\:false\:false\:true\:false\:false
NVIC.DebugMonitor_IRQn=true\:0\:0\:false\:false\:true\:false\:false
NVIC.EXTI13_IRQn=true\:0\:0\:false\:false\:true\:true\:true
NVIC.ForceEnableDMAVector=true
NVIC.HardFault_IRQn=true\:0\:0\:false\:false\:true\:false\:false
NVIC.MemoryManagement_IRQn=true\:0\:0\:false\:false\:true\:false\:false
NVIC.NonMaskableInt_IRQn=true\:0\:0\:false\:false\:true\:false\:false
NVIC.PendSV_IRQn=true\:0\:0\:false\:false\:true\:false\:false
NVIC.PriorityGroup=NVIC_PRIORITYGROUP_3
NVIC.SVCall_IRQn=true\:0\:0\:false\:false\:true\:false\:false
NVIC.SysTick_IRQn=true\:0\:0\:false\:false\:true\:false\:true
NVIC.TIM1_CC_IRQn=true\:0\:0\:false\:false\:true\:true\:true
NVIC.UsageFault_IRQn=true\:0\:0\:false\:false\:true\:false\:false
PA1.GPIOParameters=GPIO_Speed
PA1.GPIO_Speed=GPIO_SPEED_FREQ_VERY_HIGH
PA1.Signal=S_TIM2_CH2
PA5.GPIOParameters=GPIO_Speed
PA5.GPIO_Speed=GPIO_SPEED_FREQ_VERY_HIGH
PA5.Locked=true
PA5.Signal=S_TIM2_CH1
PA8.Locked=true
PA8.Signal=S_TIM1_CH1
PC13.GPIOParameters=GPIO_PuPd,GPIO_Label,GPIO_ModeDefaultEXTI
PC13.GPIO_Label=USER_BUTTON
PC13.GPIO_ModeDefaultEXTI=GPIO_MODE_IT_FALLING
PC13.GPIO_PuPd=GPIO_PULLDOWN
PC13.Locked=true
PC13.Signal=GPXTI13
PinOutPanel.RotationAngle=0
ProjectManager.AskForMigrate=true
ProjectManager.BackupPrevious=false
ProjectManager.CompilerOptimize=6
ProjectManager.ComputerToolchain=false
ProjectManager.CoupleFile=false
ProjectManager.DeletePrevious=true
ProjectManager.DeviceId=STM32L552ZETxQ
ProjectManager.FreePins=false
ProjectManager.HalAssertFull=false
ProjectManager.HeapSize=0x200
ProjectManager.KeepUserCode=true
ProjectManager.LastFirmware=true
ProjectManager.LibraryCopy=2
ProjectManager.MainLocation=Src
ProjectManager.NoMain=false
ProjectManager.PreviousToolchain=
ProjectManager.ProjectBuild=false
ProjectManager.ProjectFileName=TIM_OnePulse_Init.ioc
ProjectManager.ProjectName=TIM_OnePulse_Init
ProjectManager.RegisterCallBack=
ProjectManager.StackSize=0x400
ProjectManager.TargetToolchain=EWARM V8.32
ProjectManager.ToolChainLocation=
ProjectManager.UnderRoot=false
ProjectManager.functionlistsort=1-MX_GPIO_Init-GPIO-false-LL-true,2-SystemClock_Config-RCC-false-LL-false,3-MX_ICACHE_Init-ICACHE-false-LL-true,4-MX_TIM2_Init-TIM2-false-LL-true,5-MX_TIM1_Init-TIM1-false-LL-true,0-MX_PWR_Init-PWR-false-LL-true
RCC.ADCCLockSelection=RCC_ADCCLKSOURCE_SYSCLK
RCC.ADCFreq_Value=110000000
RCC.AHBFreq_Value=110000000
RCC.APB1Freq_Value=110000000
RCC.APB1TimFreq_Value=110000000
RCC.APB2Freq_Value=110000000
RCC.APB2TimFreq_Value=110000000
RCC.CRSFreq_Value=48000000
RCC.CortexFreq_Value=110000000
RCC.DFSDMFreq_Value=110000000
RCC.FCLKCortexFreq_Value=110000000
RCC.FDCANFreq_Value=110000000
RCC.FamilyName=M
RCC.HCLKFreq_Value=110000000
RCC.HSE_VALUE=16000000
RCC.HSI48_VALUE=48000000
RCC.HSI_VALUE=16000000
RCC.I2C1Freq_Value=110000000
RCC.I2C2Freq_Value=110000000
RCC.I2C3Freq_Value=110000000
RCC.I2C4Freq_Value=110000000
RCC.IPParameters=ADCCLockSelection,ADCFreq_Value,AHBFreq_Value,APB1Freq_Value,APB1TimFreq_Value,APB2Freq_Value,APB2TimFreq_Value,CRSFreq_Value,CortexFreq_Value,DFSDMFreq_Value,FCLKCortexFreq_Value,FDCANFreq_Value,FamilyName,HCLKFreq_Value,HSE_VALUE,HSI48_VALUE,HSI_VALUE,I2C1Freq_Value,I2C2Freq_Value,I2C3Freq_Value,I2C4Freq_Value,LPTIM1Freq_Value,LPTIM2Freq_Value,LPTIM3Freq_Value,LPUART1Freq_Value,LSCOPinFreq_Value,LSE_VALUE,LSI_VALUE,MCO1PinFreq_Value,MSI_VALUE,OCTOSPIMFreq_Value,PLLN,PLLPoutputFreq_Value,PLLQoutputFreq_Value,PLLRCLKFreq_Value,PLLSAI1N,PLLSAI1PoutputFreq_Value,PLLSAI1QoutputFreq_Value,PLLSAI1RoutputFreq_Value,PLLSAI2PoutputFreq_Value,PWRFreq_Value,RNGFreq_Value,RTCClockSelection,RTCFreq_Value,SAI1Freq_Value,SAI2Freq_Value,SDMMCFreq_Value,SYSCLKFreq_VALUE,SYSCLKSource,UART4Freq_Value,UART5Freq_Value,USART1Freq_Value,USART2Freq_Value,USART3Freq_Value,USBFreq_Value,VCOInput2Freq_Value,VCOInput3Freq_Value,VCOInputFreq_Value,VCOOutputFreq_Value,VCOSAI1OutputFreq_Value,VCOSAI2OutputFreq_Value
RCC.LPTIM1Freq_Value=110000000
RCC.LPTIM2Freq_Value=110000000
RCC.LPTIM3Freq_Value=110000000
RCC.LPUART1Freq_Value=110000000
RCC.LSCOPinFreq_Value=32000
RCC.LSE_VALUE=32768
RCC.LSI_VALUE=32000
RCC.MCO1PinFreq_Value=110000000
RCC.MSI_VALUE=4000000
RCC.OCTOSPIMFreq_Value=110000000
RCC.PLLN=55
RCC.PLLPoutputFreq_Value=31428571.42857143
RCC.PLLQoutputFreq_Value=110000000
RCC.PLLRCLKFreq_Value=110000000
RCC.PLLSAI1N=24
RCC.PLLSAI1PoutputFreq_Value=13714285.714285715
RCC.PLLSAI1QoutputFreq_Value=48000000
RCC.PLLSAI1RoutputFreq_Value=48000000
RCC.PLLSAI2PoutputFreq_Value=4571428.571428572
RCC.PWRFreq_Value=110000000
RCC.RNGFreq_Value=48000000
RCC.RTCClockSelection=RCC_RTCCLKSOURCE_LSE
RCC.RTCFreq_Value=32768
RCC.SAI1Freq_Value=13714285.714285715
RCC.SAI2Freq_Value=13714285.714285715
RCC.SDMMCFreq_Value=31428571.42857143
RCC.SYSCLKFreq_VALUE=110000000
RCC.SYSCLKSource=RCC_SYSCLKSOURCE_PLLCLK
RCC.UART4Freq_Value=110000000
RCC.UART5Freq_Value=110000000
RCC.USART1Freq_Value=110000000
RCC.USART2Freq_Value=110000000
RCC.USART3Freq_Value=110000000
RCC.USBFreq_Value=48000000
RCC.VCOInput2Freq_Value=4000000
RCC.VCOInput3Freq_Value=4000000
RCC.VCOInputFreq_Value=4000000
RCC.VCOOutputFreq_Value=220000000
RCC.VCOSAI1OutputFreq_Value=96000000
RCC.VCOSAI2OutputFreq_Value=32000000
SH.GPXTI13.0=GPIO_EXTI13
SH.GPXTI13.ConfNb=1
SH.S_TIM1_CH1.0=TIM1_CH1,PWM Generation1 CH1
SH.S_TIM1_CH1.ConfNb=1
SH.S_TIM2_CH1.0=TIM2_CH1,Output Compare1 CH1
SH.S_TIM2_CH1.ConfNb=1
SH.S_TIM2_CH2.0=TIM2_CH2,TriggerSource_TI2FP2
SH.S_TIM2_CH2.ConfNb=1
TIM1.AutoReloadPreload=TIM_AUTORELOAD_PRELOAD_ENABLE
TIM1.AutomaticOutput=TIM_AUTOMATICOUTPUT_ENABLE
TIM1.Break2Filter=0
TIM1.Break2Polarity=TIM_BREAK2POLARITY_HIGH
TIM1.Break2State=TIM_BREAK2_DISABLE
TIM1.BreakFilter=0
TIM1.BreakPolarity=TIM_BREAKPOLARITY_HIGH
TIM1.BreakState=TIM_BREAK_DISABLE
TIM1.Channel-PWM\ Generation1\ CH1=TIM_CHANNEL_1
TIM1.ClearInputSource=TIM_CLEARINPUTSOURCE_NONE
TIM1.ClockDivision=TIM_CLOCKDIVISION_DIV1
TIM1.CounterMode=TIM_COUNTERMODE_UP
TIM1.IPParameters=CounterMode,ClockDivision,RepetitionCounter,AutoReloadPreload,TIM_MasterSlaveMode,TIM_MasterOutputTrigger,TIM_MasterOutputTrigger2,BreakState,BreakPolarity,BreakFilter,SourceBRKDigInput,SourceBRKCOMP1,SourceBRKCOMP2,Break2State,Break2Polarity,Break2Filter,SourceBRK2DigInput,SourceBRK2COMP1,SourceBRK2COMP2,AutomaticOutput,OffStateRunMode,OffStateIDLEMode,LockLevel,ClearInputSource,OCMode_PWM-PWM Generation1 CH1,OCFastMode_PWM-PWM Generation1 CH1,OCPolarity_1,OCIdleState_1,Channel-PWM Generation1 CH1,Prescaler,Period,Pulse-PWM Generation1 CH1
TIM1.IPParametersWithoutCheck=Pulse-PWM Generation1 CH1,Prescaler,Period
TIM1.LockLevel=TIM_LOCKLEVEL_OFF
TIM1.OCFastMode_PWM-PWM\ Generation1\ CH1=TIM_OCFAST_DISABLE
TIM1.OCIdleState_1=TIM_OCIDLESTATE_RESET
TIM1.OCMode_PWM-PWM\ Generation1\ CH1=TIM_OCMODE_PWM2
TIM1.OCPolarity_1=TIM_OCPOLARITY_HIGH
TIM1.OffStateIDLEMode=TIM_OSSI_DISABLE
TIM1.OffStateRunMode=TIM_OSSR_DISABLE
TIM1.Period=Period
TIM1.Prescaler=Prescaler
TIM1.Pulse-PWM\ Generation1\ CH1=Pulse
TIM1.RepetitionCounter=0
TIM1.SourceBRK2COMP1=TIM_BREAKINPUTSOURCE_DISABLE
TIM1.SourceBRK2COMP2=TIM_BREAKINPUTSOURCE_DISABLE
TIM1.SourceBRK2DigInput=TIM_BREAKINPUTSOURCE_DISABLE
TIM1.SourceBRKCOMP1=TIM_BREAKINPUTSOURCE_DISABLE
TIM1.SourceBRKCOMP2=TIM_BREAKINPUTSOURCE_DISABLE
TIM1.SourceBRKDigInput=TIM_BREAKINPUTSOURCE_DISABLE
TIM1.TIM_MasterOutputTrigger=TIM_TRGO_RESET
TIM1.TIM_MasterOutputTrigger2=TIM_TRGO2_RESET
TIM1.TIM_MasterSlaveMode=TIM_MASTERSLAVEMODE_DISABLE
TIM2.AutoReloadPreload=TIM_AUTORELOAD_PRELOAD_ENABLE
TIM2.Channel-Output\ Compare1\ CH1=TIM_CHANNEL_1
TIM2.ClearInputSource=TIM_CLEARINPUTSOURCE_NONE
TIM2.ClockDivision=TIM_CLOCKDIVISION_DIV1
TIM2.CounterMode=TIM_COUNTERMODE_UP
TIM2.IPParameters=Prescaler,CounterMode,ClockDivision,AutoReloadPreload,TIM_MasterSlaveMode,TIM_MasterOutputTrigger,ClearInputSource,Slave_TriggerPolarity,Slave_TriggerFilter,TIM_SlaveMode,OCMode_1,OC1Preload,OCPolarity_1,Channel-Output Compare1 CH1,Period,Pulse-Output Compare1 CH1
TIM2.IPParametersWithoutCheck=Prescaler,Period,Pulse-Output Compare1 CH1
TIM2.OC1Preload=DISABLE
TIM2.OCMode_1=TIM_OCMODE_RETRIGERRABLE_OPM2
TIM2.OCPolarity_1=TIM_OCPOLARITY_HIGH
TIM2.Period=Period
TIM2.Prescaler=Prescaler
TIM2.Pulse-Output\ Compare1\ CH1=Pulse
TIM2.Slave_TriggerFilter=0
TIM2.Slave_TriggerPolarity=TIM_TRIGGERPOLARITY_RISING
TIM2.TIM_MasterOutputTrigger=TIM_TRGO_RESET
TIM2.TIM_MasterSlaveMode=TIM_MASTERSLAVEMODE_DISABLE
TIM2.TIM_SlaveMode=TIM_SLAVEMODE_TRIGGER
VP_ICACHE_VS_ICACHE.Mode=DirectMappedCache
VP_ICACHE_VS_ICACHE.Signal=ICACHE_VS_ICACHE
VP_PWR_VS_DBSignals.Mode=DisableDeadBatterySignals
VP_PWR_VS_DBSignals.Signal=PWR_VS_DBSignals
VP_SYS_VS_Systick.Mode=SysTick
VP_SYS_VS_Systick.Signal=SYS_VS_Systick
VP_TIM1_VS_OPM.Mode=OPM_bit
VP_TIM1_VS_OPM.Signal=TIM1_VS_OPM
VP_TIM2_VS_ControllerModeTrigger.Mode=Trigger Mode
VP_TIM2_VS_ControllerModeTrigger.Signal=TIM2_VS_ControllerModeTrigger
VP_TIM2_VS_OPM.Mode=OPM_bit
VP_TIM2_VS_OPM.Signal=TIM2_VS_OPM
board=custom
