#MicroXplorer Configuration settings - do not modify
CortexM33NS.IPs=PWR,RCC,RTC,DMA\:I,NVIC2\:I,FREERTOS\:I,SYS\:I,TAMP,GTZC_NS\:I
CortexM33S.IPs=DEBUG\:I,GTZC_S\:I,PWR\:I,RCC\:I,RTC\:I,SYS_S\:I,DMA,NVIC1\:I,TAMP\:I,ICACHE\:I
Dma.MEMTOMEM.0.Channel_PRIV_NPRIV=DMA_CHANNEL_NPRIV_DISABLE
Dma.MEMTOMEM.0.Channel_SEC_NSEC=DMA_CHANNEL_SEC_ENABLE
Dma.MEMTOMEM.0.Dest_SEC_NSEC=DMA_CHANNEL_DEST_SEC_ENABLE
Dma.MEMTOMEM.0.Direction=DMA_MEMORY_TO_MEMORY
Dma.MEMTOMEM.0.EventEnable=DISABLE
Dma.MEMTOMEM.0.Instance=DMA1_Channel1
Dma.MEMTOMEM.0.MemDataAlignment=DMA_MDATAALIGN_WORD
Dma.MEMTOMEM.0.MemInc=DMA_MINC_ENABLE
Dma.MEMTOMEM.0.Mode=DMA_NORMAL
Dma.MEMTOMEM.0.PeriphDataAlignment=DMA_PDATAALIGN_WORD
Dma.MEMTOMEM.0.PeriphInc=DMA_PINC_ENABLE
Dma.MEMTOMEM.0.Polarity=HAL_DMAMUX_REQ_GEN_RISING
Dma.MEMTOMEM.0.Priority=DMA_PRIORITY_LOW
Dma.MEMTOMEM.0.RequestNumber=1
Dma.MEMTOMEM.0.RequestParameters=Instance,Direction,PeriphInc,MemInc,PeriphDataAlignment,MemDataAlignment,Mode,Priority,SignalID,Polarity,RequestNumber,SyncSignalID,SyncPolarity,SyncEnable,EventEnable,SyncRequestNumber,Channel_SEC_NSEC,Channel_PRIV_NPRIV,Src_SEC_NSEC,Dest_SEC_NSEC
Dma.MEMTOMEM.0.SignalID=NONE
Dma.MEMTOMEM.0.Src_SEC_NSEC=DMA_CHANNEL_SRC_SEC_ENABLE
Dma.MEMTOMEM.0.SyncEnable=DISABLE
Dma.MEMTOMEM.0.SyncPolarity=HAL_DMAMUX_SYNC_NO_EVENT
Dma.MEMTOMEM.0.SyncRequestNumber=1
Dma.MEMTOMEM.0.SyncSignalID=NONE
Dma.MEMTOMEM.1.Channel_PRIV_NPRIV=DMA_CHANNEL_NPRIV_DISABLE
Dma.MEMTOMEM.1.Channel_SEC_NSEC=DMA_CHANNEL_SEC_ENABLE
Dma.MEMTOMEM.1.Dest_SEC_NSEC=DMA_CHANNEL_DEST_NSEC_DISABLE
Dma.MEMTOMEM.1.Direction=DMA_MEMORY_TO_MEMORY
Dma.MEMTOMEM.1.EventEnable=DISABLE
Dma.MEMTOMEM.1.Instance=DMA1_Channel2
Dma.MEMTOMEM.1.MemDataAlignment=DMA_MDATAALIGN_WORD
Dma.MEMTOMEM.1.MemInc=DMA_MINC_ENABLE
Dma.MEMTOMEM.1.Mode=DMA_NORMAL
Dma.MEMTOMEM.1.PeriphDataAlignment=DMA_PDATAALIGN_WORD
Dma.MEMTOMEM.1.PeriphInc=DMA_PINC_ENABLE
Dma.MEMTOMEM.1.Polarity=HAL_DMAMUX_REQ_GEN_RISING
Dma.MEMTOMEM.1.Priority=DMA_PRIORITY_LOW
Dma.MEMTOMEM.1.RequestNumber=1
Dma.MEMTOMEM.1.RequestParameters=Instance,Direction,PeriphInc,MemInc,PeriphDataAlignment,MemDataAlignment,Mode,Priority,SignalID,Polarity,RequestNumber,SyncSignalID,SyncPolarity,SyncEnable,EventEnable,SyncRequestNumber,Channel_SEC_NSEC,Channel_PRIV_NPRIV,Src_SEC_NSEC,Dest_SEC_NSEC
Dma.MEMTOMEM.1.SignalID=NONE
Dma.MEMTOMEM.1.Src_SEC_NSEC=DMA_CHANNEL_SRC_SEC_ENABLE
Dma.MEMTOMEM.1.SyncEnable=DISABLE
Dma.MEMTOMEM.1.SyncPolarity=HAL_DMAMUX_SYNC_NO_EVENT
Dma.MEMTOMEM.1.SyncRequestNumber=1
Dma.MEMTOMEM.1.SyncSignalID=NONE
Dma.MEMTOMEM.2.Channel_PRIV_NPRIV=DMA_CHANNEL_NPRIV_DISABLE
Dma.MEMTOMEM.2.Channel_SEC_NSEC=DMA_CHANNEL_SEC_ENABLE
Dma.MEMTOMEM.2.Dest_SEC_NSEC=DMA_CHANNEL_DEST_SEC_ENABLE
Dma.MEMTOMEM.2.Direction=DMA_MEMORY_TO_MEMORY
Dma.MEMTOMEM.2.EventEnable=DISABLE
Dma.MEMTOMEM.2.Instance=DMA1_Channel3
Dma.MEMTOMEM.2.MemDataAlignment=DMA_MDATAALIGN_WORD
Dma.MEMTOMEM.2.MemInc=DMA_MINC_ENABLE
Dma.MEMTOMEM.2.Mode=DMA_NORMAL
Dma.MEMTOMEM.2.PeriphDataAlignment=DMA_PDATAALIGN_WORD
Dma.MEMTOMEM.2.PeriphInc=DMA_PINC_ENABLE
Dma.MEMTOMEM.2.Polarity=HAL_DMAMUX_REQ_GEN_RISING
Dma.MEMTOMEM.2.Priority=DMA_PRIORITY_LOW
Dma.MEMTOMEM.2.RequestNumber=1
Dma.MEMTOMEM.2.RequestParameters=Instance,Direction,PeriphInc,MemInc,PeriphDataAlignment,MemDataAlignment,Mode,Priority,SignalID,Polarity,RequestNumber,SyncSignalID,SyncPolarity,SyncEnable,EventEnable,SyncRequestNumber,Channel_SEC_NSEC,Channel_PRIV_NPRIV,Src_SEC_NSEC,Dest_SEC_NSEC
Dma.MEMTOMEM.2.SignalID=NONE
Dma.MEMTOMEM.2.Src_SEC_NSEC=DMA_CHANNEL_SRC_NSEC_DISABLE
Dma.MEMTOMEM.2.SyncEnable=DISABLE
Dma.MEMTOMEM.2.SyncPolarity=HAL_DMAMUX_SYNC_NO_EVENT
Dma.MEMTOMEM.2.SyncRequestNumber=1
Dma.MEMTOMEM.2.SyncSignalID=NONE
Dma.MEMTOMEM.3.Channel_PRIV_NPRIV=DMA_CHANNEL_NPRIV_DISABLE
Dma.MEMTOMEM.3.Channel_SEC_NSEC=DMA_CHANNEL_NSEC_DISABLE
Dma.MEMTOMEM.3.Dest_SEC_NSEC=DMA_CHANNEL_DEST_NSEC_DISABLE
Dma.MEMTOMEM.3.Direction=DMA_MEMORY_TO_MEMORY
Dma.MEMTOMEM.3.EventEnable=DISABLE
Dma.MEMTOMEM.3.Instance=DMA1_Channel4
Dma.MEMTOMEM.3.MemDataAlignment=DMA_MDATAALIGN_WORD
Dma.MEMTOMEM.3.MemInc=DMA_MINC_ENABLE
Dma.MEMTOMEM.3.Mode=DMA_NORMAL
Dma.MEMTOMEM.3.PeriphDataAlignment=DMA_PDATAALIGN_WORD
Dma.MEMTOMEM.3.PeriphInc=DMA_PINC_ENABLE
Dma.MEMTOMEM.3.Polarity=HAL_DMAMUX_REQ_GEN_RISING
Dma.MEMTOMEM.3.Priority=DMA_PRIORITY_LOW
Dma.MEMTOMEM.3.RequestNumber=1
Dma.MEMTOMEM.3.RequestParameters=Instance,Direction,PeriphInc,MemInc,PeriphDataAlignment,MemDataAlignment,Mode,Priority,SignalID,Polarity,RequestNumber,SyncSignalID,SyncPolarity,SyncEnable,EventEnable,SyncRequestNumber,Channel_SEC_NSEC,Channel_PRIV_NPRIV,Src_SEC_NSEC,Dest_SEC_NSEC
Dma.MEMTOMEM.3.SignalID=NONE
Dma.MEMTOMEM.3.Src_SEC_NSEC=DMA_CHANNEL_SRC_NSEC_DISABLE
Dma.MEMTOMEM.3.SyncEnable=DISABLE
Dma.MEMTOMEM.3.SyncPolarity=HAL_DMAMUX_SYNC_NO_EVENT
Dma.MEMTOMEM.3.SyncRequestNumber=1
Dma.MEMTOMEM.3.SyncSignalID=NONE
Dma.Request0=MEMTOMEM
Dma.Request1=MEMTOMEM
Dma.Request2=MEMTOMEM
Dma.Request3=MEMTOMEM
Dma.RequestsNb=4
File.Version=6
KeepUserPlacement=false
Mcu.Context0=CortexM33S
Mcu.Context1=CortexM33NS
Mcu.ContextNb=2
Mcu.ContextProject=TrustZoneEnabled
Mcu.Family=STM32L5
Mcu.IP0=DMA
Mcu.IP1=GTZC_S
Mcu.IP2=ICACHE
Mcu.IP3=NVIC2
Mcu.IP4=NVIC1
Mcu.IP5=PWR
Mcu.IP6=RCC
Mcu.IP7=SYS
Mcu.IP8=SYS_S
Mcu.IPNb=9
Mcu.Name=STM32L552Z(C-E)TxQ
Mcu.Package=LQFP144
Mcu.Pin0=VP_GTZC_S_VS_GTZC_Enable
Mcu.Pin1=VP_ICACHE_VS_ICACHE
Mcu.Pin2=VP_ICACHE_VS_SECURE_ICACHE_REG
Mcu.Pin3=VP_PWR_VS_DBSignals
Mcu.Pin4=VP_SYS_VS_Systick
Mcu.Pin5=VP_SYS_S_VS_Systick
Mcu.PinsNb=6
Mcu.ThirdPartyNb=0
Mcu.UserConstants=
Mcu.UserName=STM32L552ZETxQ
MxCube.Version=6.2.0
MxDb.Version=DB.6.0.20
NVIC1.BFHFNMINS=0
NVIC1.BusFault_IRQn=true\:0\:0\:false\:false\:true\:false\:false
NVIC1.DMA1_Channel1_IRQn=true\:0\:0\:false\:false\:true\:true\:true
NVIC1.DMA1_Channel2_IRQn=true\:0\:0\:false\:false\:true\:true\:true
NVIC1.DMA1_Channel3_IRQn=true\:0\:0\:false\:false\:true\:true\:true
NVIC1.DebugMonitor_IRQn=true\:0\:0\:false\:false\:true\:false\:false
NVIC1.ForceEnableDMAVector=true
NVIC1.GTZC_IRQn=true\:0\:0\:false\:false\:true\:false\:true
NVIC1.HardFault_IRQn=true\:0\:0\:false\:false\:true\:false\:false
NVIC1.MemoryManagement_IRQn=true\:0\:0\:false\:false\:true\:false\:false
NVIC1.NonMaskableInt_IRQn=true\:0\:0\:false\:false\:true\:false\:false
NVIC1.PRIS=0
NVIC1.PendSV_IRQn=true\:0\:0\:false\:false\:true\:false\:false
NVIC1.PriorityGroup=NVIC_PRIORITYGROUP_3
NVIC1.SVCall_IRQn=true\:0\:0\:false\:false\:true\:false\:false
NVIC1.SecureFault_IRQn=true\:0\:0\:false\:false\:true\:false\:false
NVIC1.SysTick_IRQn=true\:0\:0\:false\:false\:true\:false\:true
NVIC1.UsageFault_IRQn=true\:0\:0\:false\:false\:true\:false\:false
NVIC2.BFHFNMINS=0
NVIC2.DMA1_Channel4_IRQn=true\:0\:0\:false\:false\:true\:true\:true
NVIC2.ForceEnableDMAVector=true
NVIC2.MemoryManagement_IRQn=true\:0\:0\:false\:false\:true\:false\:false
NVIC2.PRIS=0
NVIC2.PendSV_IRQn=true\:0\:0\:false\:false\:true\:false\:false
NVIC2.PriorityGroup=NVIC_PRIORITYGROUP_3
NVIC2.SVCall_IRQn=true\:0\:0\:false\:false\:true\:false\:false
NVIC2.SysTick_IRQn=true\:0\:0\:false\:false\:true\:false\:true
NVIC2.UsageFault_IRQn=true\:0\:0\:false\:false\:true\:false\:false
PinOutPanel.RotationAngle=0
ProjectManager.AskForMigrate=true
ProjectManager.BackupPrevious=false
ProjectManager.CompilerOptimize=6
ProjectManager.ComputerToolchain=false
ProjectManager.CoupleFile=false
ProjectManager.DeletePrevious=true
ProjectManager.DeviceId=STM32L552ZETxQ
ProjectManager.FreePins=false
ProjectManager.HalAssertFull=false
ProjectManager.HeapSize=0x200
ProjectManager.KeepUserCode=true
ProjectManager.LastFirmware=true
ProjectManager.LibraryCopy=2
ProjectManager.MainLocation=Src
ProjectManager.NoMain=false
ProjectManager.PreviousToolchain=
ProjectManager.ProjectBuild=false
ProjectManager.ProjectFileName=DMA_MemToMem_TrustZone.ioc
ProjectManager.ProjectName=DMA_MemToMem_TrustZone
ProjectManager.RegisterCallBack=
ProjectManager.StackSize=0x400
ProjectManager.TargetToolchain=EWARM V8.32
ProjectManager.ToolChainLocation=
ProjectManager.UnderRoot=false
ProjectManager.functionlistsort=1-MX_DMA_Init-DMA-false-HAL-true-CortexM33S,2-SystemClock_Config-RCC-false-HAL-false-CortexM33S,3-MX_ICACHE_Init-ICACHE-false-HAL-true-CortexM33S,4-MX_GTZC_S_Init-GTZC_S-false-HAL-true-CortexM33S,1-MX_DMA_Init-DMA-false-HAL-true-CortexM33NS,2-SystemClock_Config-RCC-false-HAL-false-CortexM33NS,0-MX_PWR_Init-PWR-false-HAL-true-CortexM33S,0-MX_PWR_Init-PWR-false-HAL-true-CortexM33NS
RCC.AHBFreq_Value=110000000
RCC.APB1Freq_Value=110000000
RCC.APB1TimFreq_Value=110000000
RCC.APB2Freq_Value=110000000
RCC.APB2TimFreq_Value=110000000
RCC.CRSFreq_Value=48000000
RCC.CortexFreq_Value=110000000
RCC.DFSDMFreq_Value=110000000
RCC.FCLKCortexFreq_Value=110000000
RCC.FDCANFreq_Value=110000000
RCC.FamilyName=M
RCC.HCLKFreq_Value=110000000
RCC.HSE_VALUE=16000000
RCC.HSI48_VALUE=48000000
RCC.HSI_VALUE=16000000
RCC.I2C1Freq_Value=110000000
RCC.I2C2Freq_Value=110000000
RCC.I2C3Freq_Value=110000000
RCC.I2C4Freq_Value=110000000
RCC.IPParameters=AHBFreq_Value,APB1Freq_Value,APB1TimFreq_Value,APB2Freq_Value,APB2TimFreq_Value,CRSFreq_Value,CortexFreq_Value,DFSDMFreq_Value,FCLKCortexFreq_Value,FDCANFreq_Value,FamilyName,HCLKFreq_Value,HSE_VALUE,HSI48_VALUE,HSI_VALUE,I2C1Freq_Value,I2C2Freq_Value,I2C3Freq_Value,I2C4Freq_Value,LPTIM1Freq_Value,LPTIM2Freq_Value,LPTIM3Freq_Value,LPUART1Freq_Value,LSCOPinFreq_Value,LSE_VALUE,LSI_VALUE,MCO1PinFreq_Value,MSI_VALUE,OCTOSPIMFreq_Value,PLLN,PLLPoutputFreq_Value,PLLQoutputFreq_Value,PLLRCLKFreq_Value,PLLSAI1PoutputFreq_Value,PLLSAI1QoutputFreq_Value,PLLSAI1RoutputFreq_Value,PLLSAI2PoutputFreq_Value,PWRFreq_Value,SAI1Freq_Value,SAI2Freq_Value,SDMMCFreq_Value,SYSCLKFreq_VALUE,SYSCLKSource,UART4Freq_Value,UART5Freq_Value,USART1Freq_Value,USART2Freq_Value,USART3Freq_Value,VCOInput2Freq_Value,VCOInput3Freq_Value,VCOInputFreq_Value,VCOOutputFreq_Value,VCOSAI1OutputFreq_Value,VCOSAI2OutputFreq_Value
RCC.LPTIM1Freq_Value=110000000
RCC.LPTIM2Freq_Value=110000000
RCC.LPTIM3Freq_Value=110000000
RCC.LPUART1Freq_Value=110000000
RCC.LSCOPinFreq_Value=32000
RCC.LSE_VALUE=32768
RCC.LSI_VALUE=32000
RCC.MCO1PinFreq_Value=110000000
RCC.MSI_VALUE=4000000
RCC.OCTOSPIMFreq_Value=110000000
RCC.PLLN=55
RCC.PLLPoutputFreq_Value=31428571.42857143
RCC.PLLQoutputFreq_Value=110000000
RCC.PLLRCLKFreq_Value=110000000
RCC.PLLSAI1PoutputFreq_Value=4571428.571428572
RCC.PLLSAI1QoutputFreq_Value=16000000
RCC.PLLSAI1RoutputFreq_Value=16000000
RCC.PLLSAI2PoutputFreq_Value=4571428.571428572
RCC.PWRFreq_Value=110000000
RCC.SAI1Freq_Value=4571428.571428572
RCC.SAI2Freq_Value=4571428.571428572
RCC.SDMMCFreq_Value=31428571.42857143
RCC.SYSCLKFreq_VALUE=110000000
RCC.SYSCLKSource=RCC_SYSCLKSOURCE_PLLCLK
RCC.UART4Freq_Value=110000000
RCC.UART5Freq_Value=110000000
RCC.USART1Freq_Value=110000000
RCC.USART2Freq_Value=110000000
RCC.USART3Freq_Value=110000000
RCC.VCOInput2Freq_Value=4000000
RCC.VCOInput3Freq_Value=4000000
RCC.VCOInputFreq_Value=4000000
RCC.VCOOutputFreq_Value=220000000
RCC.VCOSAI1OutputFreq_Value=32000000
RCC.VCOSAI2OutputFreq_Value=32000000
SYS.userName=SYS_NS
VP_GTZC_S_VS_GTZC_Enable.Mode=GTZC_Enable
VP_GTZC_S_VS_GTZC_Enable.Signal=GTZC_S_VS_GTZC_Enable
VP_ICACHE_VS_ICACHE.Mode=DirectMappedCache
VP_ICACHE_VS_ICACHE.Signal=ICACHE_VS_ICACHE
VP_ICACHE_VS_SECURE_ICACHE_REG.Mode=ICACHE_REG_Not_Secured
VP_ICACHE_VS_SECURE_ICACHE_REG.Signal=ICACHE_VS_SECURE_ICACHE_REG
VP_PWR_VS_DBSignals.Mode=DisableDeadBatterySignals
VP_PWR_VS_DBSignals.Signal=PWR_VS_DBSignals
VP_SYS_S_VS_Systick.Mode=SysTick
VP_SYS_S_VS_Systick.Signal=SYS_S_VS_Systick
VP_SYS_VS_Systick.Mode=SysTick
VP_SYS_VS_Systick.Signal=SYS_VS_Systick
board=custom
