#MicroXplorer Configuration settings - do not modify
FREERTOS.FootprintOK=true
FREERTOS.IPParameters=Tasks01,configTOTAL_HEAP_SIZE,configTIMER_TASK_PRIORITY,FootprintOK,configUSE_TRACE_FACILITY
FREERTOS.Tasks01=Crypto,24,5120,mbedTLS_Selftest_Thread,Default,NULL,Dynamic,NULL,NULL
FREERTOS.configTIMER_TASK_PRIORITY=32
FREERTOS.configTOTAL_HEAP_SIZE=51200
FREERTOS.configUSE_TRACE_FACILITY=1
File.Version=6
GPIO.groupedBy=Group By Peripherals
HASH.DataType=HASH_DATATYPE_32B
HASH.IPParameters=SecureHashAlgorithmType,DataType
HASH.SecureHashAlgorithmType=SHA1
KeepUserPlacement=true
MBEDTLS.IPParameters=MBEDTLS_HAVE_ASM,MBEDTLS_NO_UDBL_DIVISION,MBEDTLS_HAVE_TIME_DATE,MBEDTLS_TIMING_C,MBEDTLS_ARC4_C,MBEDTLS_ASN1_PARSE_C,MBEDTLS_ASN1_WRITE_C,MBEDTLS_BASE64_C,MBEDTLS_BIGNUM_C,MBEDTLS_BLOWFISH_C,MBEDTLS_CAMELLIA_C,MBEDTLS_CCM_C,MBEDTLS_CERTS_C,MBEDTLS_CIPHER_C,MBEDTLS_CHACHA20_C,MBEDTLS_CIPHER_PADDING_PKCS7,MBEDTLS_CIPHER_PADDING_ONE_AND_ZEROS,MBEDTLS_CIPHER_PADDING_ZEROS_AND_LEN,MBEDTLS_CIPHER_PADDING_ZEROS,MBEDTLS_ECP_DP_SECP192R1_ENABLED,MBEDTLS_ECP_DP_SECP224R1_ENABLED,MBEDTLS_ECP_DP_SECP256R1_ENABLED,MBEDTLS_ECP_DP_SECP384R1_ENABLED,MBEDTLS_ECP_DP_SECP521R1_ENABLED,MBEDTLS_ECP_DP_SECP192K1_ENABLED,MBEDTLS_ECP_DP_SECP224K1_ENABLED,MBEDTLS_ECP_DP_SECP256K1_ENABLED,MBEDTLS_ECP_DP_BP256R1_ENABLED,MBEDTLS_ECP_DP_BP384R1_ENABLED,MBEDTLS_ECP_DP_BP512R1_ENABLED,MBEDTLS_ECP_DP_CURVE25519_ENABLED,MBEDTLS_ECP_DP_CURVE448_ENABLED,MBEDTLS_ECP_NIST_OPTIM,MBEDTLS_ECDSA_DETERMINISTIC,MBEDTLS_KEY_EXCHANGE_PSK_ENABLED,MBEDTLS_KEY_EXCHANGE_DHE_PSK_ENABLED,MBEDTLS_PK_PARSE_EC_EXTENDED,MBEDTLS_ERROR_STRERROR_DUMMY,MBEDTLS_PK_RSA_ALT_SUPPORT,MBEDTLS_X509_CHECK_KEY_USAGE,MBEDTLS_X509_CHECK_EXTENDED_KEY_USAGE,MBEDTLS_X509_RSASSA_PSS_SUPPORT,MBEDTLS_CTR_DRBG_C,MBEDTLS_DES_C,MBEDTLS_DHM_C,MBEDTLS_GCM_C,MBEDTLS_HKDF_C,MBEDTLS_MD_C,MBEDTLS_OID_C,MBEDTLS_POLY1305_C,MBEDTLS_RIPEMD160_C,MBEDTLS_SHA512_C,MBEDTLS_XTEA_C,MBEDTLS_ENTROPY_HARDWARE_ALT,MBEDTLS_TIMING_ALT,MBEDTLS_AES_ALT,MBEDTLS_CCM_ALT,MBEDTLS_MD5_ALT,MBEDTLS_SHA1_ALT,MBEDTLS_SHA256_ALT,MBEDTLS_TCP_IP,MBEDTLS_RNG_IP,MBEDTLS_SSL_CLI_C,MBEDTLS_SSL_SRV_C,MBEDTLS_NO_64BIT_MULTIPLICATION,MBEDTLS_HAVE_SSE2,MBEDTLS_HAVE_TIME,MBEDTLS_PLATFORM_MEMORY,MBEDTLS_PLATFORM_NO_STD_FUNCTIONS,MBEDTLS_DEPRECATED_WARNING,MBEDTLS_DEPRECATED_REMOVED,MBEDTLS_TEST_NULL_ENTROPY,MBEDTLS_AES_ROM_TABLES,MBEDTLS_AES_FEWER_TABLES,MBEDTLS_CAMELLIA_SMALL_MEMORY,MBEDTLS_ECP_RESTARTABLE,MBEDTLS_GENPRIME,MBEDTLS_FS_IO,MBEDTLS_NO_DEFAULT_ENTROPY_SOURCES,MBEDTLS_NO_PLATFORM_ENTROPY,MBEDTLS_ENTROPY_FORCE_SHA256,MBEDTLS_ENTROPY_NV_SEED,MBEDTLS_MEMORY_DEBUG,MBEDTLS_MEMORY_BACKTRACE,MBEDTLS_PKCS1_V15,MBEDTLS_PKCS1_V21,MBEDTLS_RSA_NO_CRT,MBEDTLS_SELF_TEST,MBEDTLS_SHA256_SMALLER,MBEDTLS_THREADING_ALT,MBEDTLS_THREADING_PTHREAD,MBEDTLS_VERSION_FEATURES,MBEDTLS_ZLIB_SUPPORT,MBEDTLS_CIPHER_MODE_CBC,MBEDTLS_CIPHER_MODE_CFB,MBEDTLS_CIPHER_MODE_CTR,MBEDTLS_CIPHER_MODE_OFB,MBEDTLS_CIPHER_MODE_XTS,MBEDTLS_CIPHER_NULL_CIPHER,MBEDTLS_ENABLE_WEAK_CIPHERSUITES,MBEDTLS_REMOVE_ARC4_CIPHERSUITES,MBEDTLS_KEY_EXCHANGE_ECDHE_PSK_ENABLED,MBEDTLS_KEY_EXCHANGE_RSA_PSK_ENABLED,MBEDTLS_KEY_EXCHANGE_RSA_ENABLED,MBEDTLS_KEY_EXCHANGE_DHE_RSA_ENABLED,MBEDTLS_KEY_EXCHANGE_ECDHE_RSA_ENABLED,MBEDTLS_KEY_EXCHANGE_ECDHE_ECDSA_ENABLED,MBEDTLS_KEY_EXCHANGE_ECDH_ECDSA_ENABLED,MBEDTLS_KEY_EXCHANGE_ECDH_RSA_ENABLED,MBEDTLS_KEY_EXCHANGE_ECJPAKE_ENABLED,MBEDTLS_SSL_ALL_ALERT_MESSAGES,MBEDTLS_SSL_ASYNC_PRIVATE,MBEDTLS_SSL_DEBUG_ALL,MBEDTLS_SSL_ENCRYPT_THEN_MAC,MBEDTLS_SSL_EXTENDED_MASTER_SECRET,MBEDTLS_SSL_FALLBACK_SCSV,MBEDTLS_SSL_HW_RECORD_ACCEL,MBEDTLS_SSL_CBC_RECORD_SPLITTING,MBEDTLS_SSL_RENEGOTIATION,MBEDTLS_SSL_SRV_SUPPORT_SSLV2_CLIENT_HELLO,MBEDTLS_SSL_SRV_RESPECT_CLIENT_PREFERENCE,MBEDTLS_SSL_MAX_FRAGMENT_LENGTH,MBEDTLS_SSL_PROTO_SSL3,MBEDTLS_SSL_PROTO_TLS1,MBEDTLS_SSL_PROTO_TLS1_1,MBEDTLS_SSL_PROTO_TLS1_2,MBEDTLS_SSL_PROTO_DTLS,MBEDTLS_SSL_ALPN,MBEDTLS_SSL_DTLS_ANTI_REPLAY,MBEDTLS_SSL_DTLS_HELLO_VERIFY,MBEDTLS_SSL_DTLS_CLIENT_PORT_REUSE,MBEDTLS_SSL_DTLS_BADMAC_LIMIT,MBEDTLS_SSL_SESSION_TICKETS,MBEDTLS_SSL_EXPORT_KEYS,MBEDTLS_SSL_SERVER_NAME_INDICATION,MBEDTLS_SSL_TRUNCATED_HMAC,MBEDTLS_SSL_TRUNCATED_HMAC_COMPAT,MBEDTLS_X509_ALLOW_EXTENSIONS_NON_V3,MBEDTLS_X509_ALLOW_UNSUPPORTED_CRITICAL_EXTENSION,MBEDTLS_ARC4_ALT,MBEDTLS_ARIA_ALT,MBEDTLS_BLOWFISH_ALT,MBEDTLS_CAMELLIA_ALT,MBEDTLS_CHACHA20_ALT,MBEDTLS_CHACHAPOLY_ALT,MBEDTLS_CMAC_ALT,MBEDTLS_DES_ALT,MBEDTLS_DHM_ALT,MBEDTLS_ECJPAKE_ALT,MBEDTLS_GCM_ALT,MBEDTLS_NIST_KW_ALT,MBEDTLS_MD2_ALT,MBEDTLS_MD4_ALT,MBEDTLS_POLY1305_ALT,MBEDTLS_RIPEMD160_ALT,MBEDTLS_RSA_ALT,MBEDTLS_SHA512_ALT,MBEDTLS_XTEA_ALT,MBEDTLS_ECP_ALT,MBEDTLS_MD2_PROCESS_ALT,MBEDTLS_MD4_PROCESS_ALT,MBEDTLS_MD5_PROCESS_ALT,MBEDTLS_RIPEMD160_PROCESS_ALT,MBEDTLS_SHA1_PROCESS_ALT,MBEDTLS_SHA256_PROCESS_ALT,MBEDTLS_SHA512_PROCESS_ALT,MBEDTLS_DES_SETKEY_ALT,MBEDTLS_DES_CRYPT_ECB_ALT,MBEDTLS_DES3_CRYPT_ECB_ALT,MBEDTLS_AES_SETKEY_ENC_ALT,MBEDTLS_AES_SETKEY_DEC_ALT,MBEDTLS_AES_ENCRYPT_ALT,MBEDTLS_AES_DECRYPT_ALT,MBEDTLS_ECDH_GEN_PUBLIC_ALT,MBEDTLS_ECDH_COMPUTE_SHARED_ALT,MBEDTLS_ECDSA_VERIFY_ALT,MBEDTLS_ECDSA_SIGN_ALT,MBEDTLS_ECDSA_GENKEY_ALT,MBEDTLS_ECP_INTERNAL_ALT,MBEDTLS_ECP_RANDOMIZE_JAC_ALT,MBEDTLS_ECP_ADD_MIXED_ALT,MBEDTLS_ECP_DOUBLE_JAC_ALT,MBEDTLS_ECP_NORMALIZE_JAC_MANY_ALT,MBEDTLS_ECP_NORMALIZE_JAC_ALT,MBEDTLS_ECP_DOUBLE_ADD_MXZ_ALT,MBEDTLS_ECP_RANDOMIZE_MXZ_ALT,MBEDTLS_ECP_NORMALIZE_MXZ_ALT,MBEDTLS_PLATFORM_EXIT_ALT,MBEDTLS_PLATFORM_TIME_ALT,MBEDTLS_PLATFORM_FPRINTF_ALT,MBEDTLS_PLATFORM_PRINTF_ALT,MBEDTLS_PLATFORM_SNPRINTF_ALT,MBEDTLS_PLATFORM_NV_SEED_ALT,MBEDTLS_PLATFORM_SETUP_TEARDOWN_ALT,MBEDTLS_AESNI_C,MBEDTLS_AES_C,MBEDTLS_ARIA_C,MBEDTLS_CMAC_C,MBEDTLS_CHACHAPOLY_C,MBEDTLS_DEBUG_C,MBEDTLS_ECDH_C,MBEDTLS_ECDSA_C,MBEDTLS_ECJPAKE_C,MBEDTLS_ECP_C,MBEDTLS_ENTROPY_C,MBEDTLS_ERROR_C,MBEDTLS_HAVEGE_C,MBEDTLS_HMAC_DRBG_C,MBEDTLS_MD2_C,MBEDTLS_MD4_C,MBEDTLS_MD5_C,MBEDTLS_MEMORY_BUFFER_ALLOC_C,MBEDTLS_NET_C,MBEDTLS_NIST_KW_C,MBEDTLS_PADLOCK_C,MBEDTLS_PEM_PARSE_C,MBEDTLS_PEM_WRITE_C,MBEDTLS_PK_C,MBEDTLS_PK_PARSE_C,MBEDTLS_PK_WRITE_C,MBEDTLS_PKCS5_C,MBEDTLS_PKCS11_C,MBEDTLS_PKCS12_C,MBEDTLS_PLATFORM_C,MBEDTLS_RSA_C,MBEDTLS_SHA1_C,MBEDTLS_SHA256_C,MBEDTLS_SSL_CACHE_C,MBEDTLS_SSL_COOKIE_C,MBEDTLS_SSL_TICKET_C,MBEDTLS_SSL_TLS_C,MBEDTLS_THREADING_C,MBEDTLS_VERSION_C,MBEDTLS_X509_USE_C,MBEDTLS_X509_CRT_PARSE_C,MBEDTLS_X509_CRL_PARSE_C,MBEDTLS_X509_CSR_PARSE_C,MBEDTLS_X509_CREATE_C,MBEDTLS_X509_CRT_WRITE_C,MBEDTLS_X509_CSR_WRITE_C,MBEDTLS_MPI_WINDOW_SIZE_ENABLE,MBEDTLS_MPI_MAX_SIZE_ENABLE,MBEDTLS_CTR_DRBG_ENTROPY_LEN_ENABLE,MBEDTLS_CTR_DRBG_RESEED_INTERVAL_ENABLE,MBEDTLS_CTR_DRBG_MAX_INPUT_ENABLE,MBEDTLS_CTR_DRBG_MAX_REQUEST_ENABLE,MBEDTLS_CTR_DRBG_MAX_SEED_INPUT_ENABLE,MBEDTLS_CTR_DRBG_USE_128_BIT_KEY_ENABLE,MBEDTLS_HMAC_DRBG_RESEED_INTERVAL_ENABLE,MBEDTLS_HMAC_DRBG_MAX_INPUT_ENABLE,MBEDTLS_HMAC_DRBG_MAX_REQUEST_ENABLE,MBEDTLS_HMAC_DRBG_MAX_SEED_INPUT_ENABLE,MBEDTLS_ECP_MAX_BITS_ENABLE,MBEDTLS_ECP_WINDOW_SIZE_ENABLE,MBEDTLS_ECP_FIXED_POINT_OPTIM_ENABLE,MBEDTLS_ENTROPY_MAX_SOURCES_ENABLE,MBEDTLS_ENTROPY_MAX_GATHER_ENABLE,MBEDTLS_ENTROPY_MIN_HARDWARE_ENABLE,MBEDTLS_MEMORY_ALIGN_MULTIPLE_ENABLE,MBEDTLS_PLATFORM_STD_MEM_HDR_ENABLE,MBEDTLS_PLATFORM_STD_CALLOC_ENABLE,MBEDTLS_PLATFORM_STD_FREE_ENABLE,MBEDTLS_PLATFORM_STD_EXIT_ENABLE,MBEDTLS_PLATFORM_STD_TIME_ENABLE,MBEDTLS_PLATFORM_STD_FPRINTF_ENABLE,MBEDTLS_PLATFORM_STD_PRINTF_ENABLE,MBEDTLS_PLATFORM_STD_SNPRINTF_ENABLE,MBEDTLS_PLATFORM_STD_EXIT_SUCCESS_ENABLE,MBEDTLS_PLATFORM_STD_EXIT_FAILURE_ENABLE,MBEDTLS_PLATFORM_STD_NV_SEED_READ_ENABLE,MBEDTLS_PLATFORM_STD_NV_SEED_WRITE_ENABLE,MBEDTLS_PLATFORM_STD_NV_SEED_FILE_ENABLE,MBEDTLS_PLATFORM_CALLOC_MACRO_ENABLE,MBEDTLS_PLATFORM_FREE_MACRO_ENABLE,MBEDTLS_PLATFORM_EXIT_MACRO_ENABLE,MBEDTLS_PLATFORM_TIME_MACRO_ENABLE,MBEDTLS_PLATFORM_TIME_TYPE_MACRO_ENABLE,MBEDTLS_PLATFORM_FPRINTF_MACRO_ENABLE,MBEDTLS_PLATFORM_PRINTF_MACRO_ENABLE,MBEDTLS_PLATFORM_SNPRINTF_MACRO_ENABLE,MBEDTLS_PLATFORM_NV_SEED_READ_MACRO_ENABLE,MBEDTLS_PLATFORM_NV_SEED_WRITE_MACRO_ENABLE,MBEDTLS_SSL_CACHE_DEFAULT_TIMEOUT_ENABLE,MBEDTLS_SSL_CACHE_DEFAULT_MAX_ENTRIES_ENABLE,MBEDTLS_SSL_MAX_CONTENT_LEN_ENABLE,MBEDTLS_SSL_IN_CONTENT_LEN_ENABLE,MBEDTLS_SSL_OUT_CONTENT_LEN_ENABLE,MBEDTLS_SSL_DTLS_MAX_BUFFERING_ENABLE,MBEDTLS_SSL_DEFAULT_TICKET_LIFETIME_ENABLE,MBEDTLS_PSK_MAX_LEN_ENABLE,MBEDTLS_SSL_COOKIE_TIMEOUT_ENABLE,MBEDTLS_SSL_CIPHERSUITES_ENABLE,MBEDTLS_X509_MAX_INTERMEDIATE_CA_ENABLE,MBEDTLS_X509_MAX_FILE_PATH_LEN_ENABLE,MBEDTLS_TLS_DEFAULT_ALLOW_SHA1_IN_CERTIFICATES,MBEDTLS_TLS_DEFAULT_ALLOW_SHA1_IN_KEY_EXCHANGE,MBEDTLS_PLATFORM_ZEROIZE_ALT,MBEDTLS_PLATFORM_GMTIME_R_ALT,YOTTA_CFG_MBEDTLS_TARGET_CONFIG_FILE_ENABLE
MBEDTLS.MBEDTLS_AESNI_C=0
MBEDTLS.MBEDTLS_AES_ALT=1
MBEDTLS.MBEDTLS_AES_C=1
MBEDTLS.MBEDTLS_AES_DECRYPT_ALT=0
MBEDTLS.MBEDTLS_AES_ENCRYPT_ALT=0
MBEDTLS.MBEDTLS_AES_FEWER_TABLES=0
MBEDTLS.MBEDTLS_AES_ROM_TABLES=0
MBEDTLS.MBEDTLS_AES_SETKEY_DEC_ALT=0
MBEDTLS.MBEDTLS_AES_SETKEY_ENC_ALT=0
MBEDTLS.MBEDTLS_ARC4_ALT=0
MBEDTLS.MBEDTLS_ARC4_C=0
MBEDTLS.MBEDTLS_ARIA_ALT=0
MBEDTLS.MBEDTLS_ARIA_C=0
MBEDTLS.MBEDTLS_ASN1_PARSE_C=0
MBEDTLS.MBEDTLS_ASN1_WRITE_C=0
MBEDTLS.MBEDTLS_BASE64_C=0
MBEDTLS.MBEDTLS_BIGNUM_C=0
MBEDTLS.MBEDTLS_BLOWFISH_ALT=0
MBEDTLS.MBEDTLS_BLOWFISH_C=0
MBEDTLS.MBEDTLS_CAMELLIA_ALT=0
MBEDTLS.MBEDTLS_CAMELLIA_C=0
MBEDTLS.MBEDTLS_CAMELLIA_SMALL_MEMORY=0
MBEDTLS.MBEDTLS_CCM_ALT=1
MBEDTLS.MBEDTLS_CCM_C=1
MBEDTLS.MBEDTLS_CERTS_C=0
MBEDTLS.MBEDTLS_CHACHA20_ALT=0
MBEDTLS.MBEDTLS_CHACHA20_C=0
MBEDTLS.MBEDTLS_CHACHAPOLY_ALT=0
MBEDTLS.MBEDTLS_CHACHAPOLY_C=0
MBEDTLS.MBEDTLS_CIPHER_C=1
MBEDTLS.MBEDTLS_CIPHER_MODE_CBC=1
MBEDTLS.MBEDTLS_CIPHER_MODE_CFB=1
MBEDTLS.MBEDTLS_CIPHER_MODE_CTR=1
MBEDTLS.MBEDTLS_CIPHER_MODE_OFB=1
MBEDTLS.MBEDTLS_CIPHER_MODE_XTS=1
MBEDTLS.MBEDTLS_CIPHER_NULL_CIPHER=0
MBEDTLS.MBEDTLS_CIPHER_PADDING_ONE_AND_ZEROS=0
MBEDTLS.MBEDTLS_CIPHER_PADDING_PKCS7=0
MBEDTLS.MBEDTLS_CIPHER_PADDING_ZEROS=0
MBEDTLS.MBEDTLS_CIPHER_PADDING_ZEROS_AND_LEN=0
MBEDTLS.MBEDTLS_CMAC_ALT=0
MBEDTLS.MBEDTLS_CMAC_C=0
MBEDTLS.MBEDTLS_CTR_DRBG_C=0
MBEDTLS.MBEDTLS_CTR_DRBG_ENTROPY_LEN_ENABLE=0
MBEDTLS.MBEDTLS_CTR_DRBG_MAX_INPUT_ENABLE=0
MBEDTLS.MBEDTLS_CTR_DRBG_MAX_REQUEST_ENABLE=0
MBEDTLS.MBEDTLS_CTR_DRBG_MAX_SEED_INPUT_ENABLE=0
MBEDTLS.MBEDTLS_CTR_DRBG_RESEED_INTERVAL_ENABLE=0
MBEDTLS.MBEDTLS_CTR_DRBG_USE_128_BIT_KEY_ENABLE=0
MBEDTLS.MBEDTLS_DEBUG_C=0
MBEDTLS.MBEDTLS_DEPRECATED_REMOVED=0
MBEDTLS.MBEDTLS_DEPRECATED_WARNING=0
MBEDTLS.MBEDTLS_DES3_CRYPT_ECB_ALT=0
MBEDTLS.MBEDTLS_DES_ALT=0
MBEDTLS.MBEDTLS_DES_C=0
MBEDTLS.MBEDTLS_DES_CRYPT_ECB_ALT=0
MBEDTLS.MBEDTLS_DES_SETKEY_ALT=0
MBEDTLS.MBEDTLS_DHM_ALT=0
MBEDTLS.MBEDTLS_DHM_C=0
MBEDTLS.MBEDTLS_ECDH_C=0
MBEDTLS.MBEDTLS_ECDH_COMPUTE_SHARED_ALT=0
MBEDTLS.MBEDTLS_ECDH_GEN_PUBLIC_ALT=0
MBEDTLS.MBEDTLS_ECDSA_C=0
MBEDTLS.MBEDTLS_ECDSA_DETERMINISTIC=0
MBEDTLS.MBEDTLS_ECDSA_GENKEY_ALT=0
MBEDTLS.MBEDTLS_ECDSA_SIGN_ALT=0
MBEDTLS.MBEDTLS_ECDSA_VERIFY_ALT=0
MBEDTLS.MBEDTLS_ECJPAKE_ALT=0
MBEDTLS.MBEDTLS_ECJPAKE_C=0
MBEDTLS.MBEDTLS_ECP_ADD_MIXED_ALT=0
MBEDTLS.MBEDTLS_ECP_ALT=0
MBEDTLS.MBEDTLS_ECP_C=0
MBEDTLS.MBEDTLS_ECP_DOUBLE_ADD_MXZ_ALT=0
MBEDTLS.MBEDTLS_ECP_DOUBLE_JAC_ALT=0
MBEDTLS.MBEDTLS_ECP_DP_BP256R1_ENABLED=0
MBEDTLS.MBEDTLS_ECP_DP_BP384R1_ENABLED=0
MBEDTLS.MBEDTLS_ECP_DP_BP512R1_ENABLED=0
MBEDTLS.MBEDTLS_ECP_DP_CURVE25519_ENABLED=0
MBEDTLS.MBEDTLS_ECP_DP_CURVE448_ENABLED=0
MBEDTLS.MBEDTLS_ECP_DP_SECP192K1_ENABLED=0
MBEDTLS.MBEDTLS_ECP_DP_SECP192R1_ENABLED=0
MBEDTLS.MBEDTLS_ECP_DP_SECP224K1_ENABLED=0
MBEDTLS.MBEDTLS_ECP_DP_SECP224R1_ENABLED=0
MBEDTLS.MBEDTLS_ECP_DP_SECP256K1_ENABLED=0
MBEDTLS.MBEDTLS_ECP_DP_SECP256R1_ENABLED=0
MBEDTLS.MBEDTLS_ECP_DP_SECP384R1_ENABLED=0
MBEDTLS.MBEDTLS_ECP_DP_SECP521R1_ENABLED=0
MBEDTLS.MBEDTLS_ECP_FIXED_POINT_OPTIM_ENABLE=0
MBEDTLS.MBEDTLS_ECP_INTERNAL_ALT=0
MBEDTLS.MBEDTLS_ECP_MAX_BITS_ENABLE=0
MBEDTLS.MBEDTLS_ECP_NIST_OPTIM=0
MBEDTLS.MBEDTLS_ECP_NORMALIZE_JAC_ALT=0
MBEDTLS.MBEDTLS_ECP_NORMALIZE_JAC_MANY_ALT=0
MBEDTLS.MBEDTLS_ECP_NORMALIZE_MXZ_ALT=0
MBEDTLS.MBEDTLS_ECP_RANDOMIZE_JAC_ALT=0
MBEDTLS.MBEDTLS_ECP_RANDOMIZE_MXZ_ALT=0
MBEDTLS.MBEDTLS_ECP_RESTARTABLE=0
MBEDTLS.MBEDTLS_ECP_WINDOW_SIZE_ENABLE=0
MBEDTLS.MBEDTLS_ENABLE_WEAK_CIPHERSUITES=0
MBEDTLS.MBEDTLS_ENTROPY_C=1
MBEDTLS.MBEDTLS_ENTROPY_FORCE_SHA256=0
MBEDTLS.MBEDTLS_ENTROPY_HARDWARE_ALT=1
MBEDTLS.MBEDTLS_ENTROPY_MAX_GATHER_ENABLE=0
MBEDTLS.MBEDTLS_ENTROPY_MAX_SOURCES_ENABLE=0
MBEDTLS.MBEDTLS_ENTROPY_MIN_HARDWARE_ENABLE=0
MBEDTLS.MBEDTLS_ENTROPY_NV_SEED=0
MBEDTLS.MBEDTLS_ERROR_C=1
MBEDTLS.MBEDTLS_ERROR_STRERROR_DUMMY=0
MBEDTLS.MBEDTLS_FS_IO=0
MBEDTLS.MBEDTLS_GCM_ALT=1
MBEDTLS.MBEDTLS_GCM_C=1
MBEDTLS.MBEDTLS_GENPRIME=0
MBEDTLS.MBEDTLS_HAVEGE_C=0
MBEDTLS.MBEDTLS_HAVE_ASM=0
MBEDTLS.MBEDTLS_HAVE_SSE2=0
MBEDTLS.MBEDTLS_HAVE_TIME=1
MBEDTLS.MBEDTLS_HAVE_TIME_DATE=0
MBEDTLS.MBEDTLS_HKDF_C=0
MBEDTLS.MBEDTLS_HMAC_DRBG_C=0
MBEDTLS.MBEDTLS_HMAC_DRBG_MAX_INPUT_ENABLE=0
MBEDTLS.MBEDTLS_HMAC_DRBG_MAX_REQUEST_ENABLE=0
MBEDTLS.MBEDTLS_HMAC_DRBG_MAX_SEED_INPUT_ENABLE=0
MBEDTLS.MBEDTLS_HMAC_DRBG_RESEED_INTERVAL_ENABLE=0
MBEDTLS.MBEDTLS_KEY_EXCHANGE_DHE_PSK_ENABLED=0
MBEDTLS.MBEDTLS_KEY_EXCHANGE_DHE_RSA_ENABLED=0
MBEDTLS.MBEDTLS_KEY_EXCHANGE_ECDHE_ECDSA_ENABLED=0
MBEDTLS.MBEDTLS_KEY_EXCHANGE_ECDHE_PSK_ENABLED=0
MBEDTLS.MBEDTLS_KEY_EXCHANGE_ECDHE_RSA_ENABLED=0
MBEDTLS.MBEDTLS_KEY_EXCHANGE_ECDH_ECDSA_ENABLED=0
MBEDTLS.MBEDTLS_KEY_EXCHANGE_ECDH_RSA_ENABLED=0
MBEDTLS.MBEDTLS_KEY_EXCHANGE_ECJPAKE_ENABLED=0
MBEDTLS.MBEDTLS_KEY_EXCHANGE_PSK_ENABLED=0
MBEDTLS.MBEDTLS_KEY_EXCHANGE_RSA_ENABLED=0
MBEDTLS.MBEDTLS_KEY_EXCHANGE_RSA_PSK_ENABLED=0
MBEDTLS.MBEDTLS_MD2_ALT=0
MBEDTLS.MBEDTLS_MD2_C=0
MBEDTLS.MBEDTLS_MD2_PROCESS_ALT=0
MBEDTLS.MBEDTLS_MD4_ALT=0
MBEDTLS.MBEDTLS_MD4_C=0
MBEDTLS.MBEDTLS_MD4_PROCESS_ALT=0
MBEDTLS.MBEDTLS_MD5_ALT=1
MBEDTLS.MBEDTLS_MD5_C=1
MBEDTLS.MBEDTLS_MD5_PROCESS_ALT=0
MBEDTLS.MBEDTLS_MD_C=0
MBEDTLS.MBEDTLS_MEMORY_ALIGN_MULTIPLE_ENABLE=0
MBEDTLS.MBEDTLS_MEMORY_BACKTRACE=0
MBEDTLS.MBEDTLS_MEMORY_BUFFER_ALLOC_C=0
MBEDTLS.MBEDTLS_MEMORY_DEBUG=0
MBEDTLS.MBEDTLS_MPI_MAX_SIZE_ENABLE=0
MBEDTLS.MBEDTLS_MPI_WINDOW_SIZE_ENABLE=0
MBEDTLS.MBEDTLS_NET_C=0
MBEDTLS.MBEDTLS_NIST_KW_ALT=0
MBEDTLS.MBEDTLS_NIST_KW_C=0
MBEDTLS.MBEDTLS_NO_64BIT_MULTIPLICATION=0
MBEDTLS.MBEDTLS_NO_DEFAULT_ENTROPY_SOURCES=0
MBEDTLS.MBEDTLS_NO_PLATFORM_ENTROPY=1
MBEDTLS.MBEDTLS_NO_UDBL_DIVISION=0
MBEDTLS.MBEDTLS_OID_C=0
MBEDTLS.MBEDTLS_PADLOCK_C=0
MBEDTLS.MBEDTLS_PEM_PARSE_C=0
MBEDTLS.MBEDTLS_PEM_WRITE_C=0
MBEDTLS.MBEDTLS_PKCS11_C=0
MBEDTLS.MBEDTLS_PKCS12_C=0
MBEDTLS.MBEDTLS_PKCS1_V15=0
MBEDTLS.MBEDTLS_PKCS1_V21=0
MBEDTLS.MBEDTLS_PKCS5_C=0
MBEDTLS.MBEDTLS_PK_C=0
MBEDTLS.MBEDTLS_PK_PARSE_C=0
MBEDTLS.MBEDTLS_PK_PARSE_EC_EXTENDED=0
MBEDTLS.MBEDTLS_PK_RSA_ALT_SUPPORT=0
MBEDTLS.MBEDTLS_PK_WRITE_C=0
MBEDTLS.MBEDTLS_PLATFORM_C=1
MBEDTLS.MBEDTLS_PLATFORM_CALLOC_MACRO_ENABLE=0
MBEDTLS.MBEDTLS_PLATFORM_EXIT_ALT=0
MBEDTLS.MBEDTLS_PLATFORM_EXIT_MACRO_ENABLE=0
MBEDTLS.MBEDTLS_PLATFORM_FPRINTF_ALT=0
MBEDTLS.MBEDTLS_PLATFORM_FPRINTF_MACRO_ENABLE=0
MBEDTLS.MBEDTLS_PLATFORM_FREE_MACRO_ENABLE=0
MBEDTLS.MBEDTLS_PLATFORM_GMTIME_R_ALT=0
MBEDTLS.MBEDTLS_PLATFORM_MEMORY=0
MBEDTLS.MBEDTLS_PLATFORM_NO_STD_FUNCTIONS=0
MBEDTLS.MBEDTLS_PLATFORM_NV_SEED_ALT=0
MBEDTLS.MBEDTLS_PLATFORM_NV_SEED_READ_MACRO_ENABLE=0
MBEDTLS.MBEDTLS_PLATFORM_NV_SEED_WRITE_MACRO_ENABLE=0
MBEDTLS.MBEDTLS_PLATFORM_PRINTF_ALT=0
MBEDTLS.MBEDTLS_PLATFORM_PRINTF_MACRO_ENABLE=0
MBEDTLS.MBEDTLS_PLATFORM_SETUP_TEARDOWN_ALT=0
MBEDTLS.MBEDTLS_PLATFORM_SNPRINTF_ALT=0
MBEDTLS.MBEDTLS_PLATFORM_SNPRINTF_MACRO_ENABLE=0
MBEDTLS.MBEDTLS_PLATFORM_STD_CALLOC_ENABLE=0
MBEDTLS.MBEDTLS_PLATFORM_STD_EXIT_ENABLE=0
MBEDTLS.MBEDTLS_PLATFORM_STD_EXIT_FAILURE_ENABLE=0
MBEDTLS.MBEDTLS_PLATFORM_STD_EXIT_SUCCESS_ENABLE=0
MBEDTLS.MBEDTLS_PLATFORM_STD_FPRINTF_ENABLE=0
MBEDTLS.MBEDTLS_PLATFORM_STD_FREE_ENABLE=0
MBEDTLS.MBEDTLS_PLATFORM_STD_MEM_HDR_ENABLE=0
MBEDTLS.MBEDTLS_PLATFORM_STD_NV_SEED_FILE_ENABLE=0
MBEDTLS.MBEDTLS_PLATFORM_STD_NV_SEED_READ_ENABLE=0
MBEDTLS.MBEDTLS_PLATFORM_STD_NV_SEED_WRITE_ENABLE=0
MBEDTLS.MBEDTLS_PLATFORM_STD_PRINTF_ENABLE=0
MBEDTLS.MBEDTLS_PLATFORM_STD_SNPRINTF_ENABLE=0
MBEDTLS.MBEDTLS_PLATFORM_STD_TIME_ENABLE=0
MBEDTLS.MBEDTLS_PLATFORM_TIME_ALT=0
MBEDTLS.MBEDTLS_PLATFORM_TIME_MACRO_ENABLE=0
MBEDTLS.MBEDTLS_PLATFORM_TIME_TYPE_MACRO_ENABLE=0
MBEDTLS.MBEDTLS_PLATFORM_ZEROIZE_ALT=0
MBEDTLS.MBEDTLS_POLY1305_ALT=0
MBEDTLS.MBEDTLS_POLY1305_C=0
MBEDTLS.MBEDTLS_PSK_MAX_LEN_ENABLE=0
MBEDTLS.MBEDTLS_REMOVE_ARC4_CIPHERSUITES=1
MBEDTLS.MBEDTLS_RIPEMD160_ALT=0
MBEDTLS.MBEDTLS_RIPEMD160_C=0
MBEDTLS.MBEDTLS_RIPEMD160_PROCESS_ALT=0
MBEDTLS.MBEDTLS_RNG_IP=HW_RNG
MBEDTLS.MBEDTLS_RSA_ALT=0
MBEDTLS.MBEDTLS_RSA_C=0
MBEDTLS.MBEDTLS_RSA_NO_CRT=0
MBEDTLS.MBEDTLS_SELF_TEST=1
MBEDTLS.MBEDTLS_SHA1_ALT=1
MBEDTLS.MBEDTLS_SHA1_C=1
MBEDTLS.MBEDTLS_SHA1_PROCESS_ALT=0
MBEDTLS.MBEDTLS_SHA256_ALT=1
MBEDTLS.MBEDTLS_SHA256_C=1
MBEDTLS.MBEDTLS_SHA256_PROCESS_ALT=0
MBEDTLS.MBEDTLS_SHA256_SMALLER=0
MBEDTLS.MBEDTLS_SHA512_ALT=0
MBEDTLS.MBEDTLS_SHA512_C=0
MBEDTLS.MBEDTLS_SHA512_PROCESS_ALT=0
MBEDTLS.MBEDTLS_SSL_ALL_ALERT_MESSAGES=0
MBEDTLS.MBEDTLS_SSL_ALPN=0
MBEDTLS.MBEDTLS_SSL_ASYNC_PRIVATE=0
MBEDTLS.MBEDTLS_SSL_CACHE_C=0
MBEDTLS.MBEDTLS_SSL_CACHE_DEFAULT_MAX_ENTRIES_ENABLE=0
MBEDTLS.MBEDTLS_SSL_CACHE_DEFAULT_TIMEOUT_ENABLE=0
MBEDTLS.MBEDTLS_SSL_CBC_RECORD_SPLITTING=0
MBEDTLS.MBEDTLS_SSL_CIPHERSUITES_ENABLE=0
MBEDTLS.MBEDTLS_SSL_CLI_C=0
MBEDTLS.MBEDTLS_SSL_COOKIE_C=0
MBEDTLS.MBEDTLS_SSL_COOKIE_TIMEOUT_ENABLE=0
MBEDTLS.MBEDTLS_SSL_DEBUG_ALL=0
MBEDTLS.MBEDTLS_SSL_DEFAULT_TICKET_LIFETIME_ENABLE=0
MBEDTLS.MBEDTLS_SSL_DTLS_ANTI_REPLAY=0
MBEDTLS.MBEDTLS_SSL_DTLS_BADMAC_LIMIT=0
MBEDTLS.MBEDTLS_SSL_DTLS_CLIENT_PORT_REUSE=0
MBEDTLS.MBEDTLS_SSL_DTLS_HELLO_VERIFY=0
MBEDTLS.MBEDTLS_SSL_DTLS_MAX_BUFFERING_ENABLE=0
MBEDTLS.MBEDTLS_SSL_ENCRYPT_THEN_MAC=0
MBEDTLS.MBEDTLS_SSL_EXPORT_KEYS=0
MBEDTLS.MBEDTLS_SSL_EXTENDED_MASTER_SECRET=0
MBEDTLS.MBEDTLS_SSL_FALLBACK_SCSV=0
MBEDTLS.MBEDTLS_SSL_HW_RECORD_ACCEL=0
MBEDTLS.MBEDTLS_SSL_IN_CONTENT_LEN_ENABLE=0
MBEDTLS.MBEDTLS_SSL_MAX_CONTENT_LEN_ENABLE=0
MBEDTLS.MBEDTLS_SSL_MAX_FRAGMENT_LENGTH=0
MBEDTLS.MBEDTLS_SSL_OUT_CONTENT_LEN_ENABLE=0
MBEDTLS.MBEDTLS_SSL_PROTO_DTLS=0
MBEDTLS.MBEDTLS_SSL_PROTO_SSL3=0
MBEDTLS.MBEDTLS_SSL_PROTO_TLS1=0
MBEDTLS.MBEDTLS_SSL_PROTO_TLS1_1=0
MBEDTLS.MBEDTLS_SSL_PROTO_TLS1_2=0
MBEDTLS.MBEDTLS_SSL_RENEGOTIATION=0
MBEDTLS.MBEDTLS_SSL_SERVER_NAME_INDICATION=0
MBEDTLS.MBEDTLS_SSL_SESSION_TICKETS=0
MBEDTLS.MBEDTLS_SSL_SRV_C=0
MBEDTLS.MBEDTLS_SSL_SRV_RESPECT_CLIENT_PREFERENCE=0
MBEDTLS.MBEDTLS_SSL_SRV_SUPPORT_SSLV2_CLIENT_HELLO=0
MBEDTLS.MBEDTLS_SSL_TICKET_C=0
MBEDTLS.MBEDTLS_SSL_TLS_C=0
MBEDTLS.MBEDTLS_SSL_TRUNCATED_HMAC=0
MBEDTLS.MBEDTLS_SSL_TRUNCATED_HMAC_COMPAT=0
MBEDTLS.MBEDTLS_TCP_IP=0
MBEDTLS.MBEDTLS_TEST_NULL_ENTROPY=0
MBEDTLS.MBEDTLS_THREADING_ALT=0
MBEDTLS.MBEDTLS_THREADING_C=0
MBEDTLS.MBEDTLS_THREADING_PTHREAD=0
MBEDTLS.MBEDTLS_TIMING_ALT=1
MBEDTLS.MBEDTLS_TIMING_C=1
MBEDTLS.MBEDTLS_TLS_DEFAULT_ALLOW_SHA1_IN_CERTIFICATES=0
MBEDTLS.MBEDTLS_TLS_DEFAULT_ALLOW_SHA1_IN_KEY_EXCHANGE=0
MBEDTLS.MBEDTLS_VERSION_C=1
MBEDTLS.MBEDTLS_VERSION_FEATURES=1
MBEDTLS.MBEDTLS_X509_ALLOW_EXTENSIONS_NON_V3=0
MBEDTLS.MBEDTLS_X509_ALLOW_UNSUPPORTED_CRITICAL_EXTENSION=0
MBEDTLS.MBEDTLS_X509_CHECK_EXTENDED_KEY_USAGE=0
MBEDTLS.MBEDTLS_X509_CHECK_KEY_USAGE=0
MBEDTLS.MBEDTLS_X509_CREATE_C=0
MBEDTLS.MBEDTLS_X509_CRL_PARSE_C=0
MBEDTLS.MBEDTLS_X509_CRT_PARSE_C=0
MBEDTLS.MBEDTLS_X509_CRT_WRITE_C=0
MBEDTLS.MBEDTLS_X509_CSR_PARSE_C=0
MBEDTLS.MBEDTLS_X509_CSR_WRITE_C=0
MBEDTLS.MBEDTLS_X509_MAX_FILE_PATH_LEN_ENABLE=0
MBEDTLS.MBEDTLS_X509_MAX_INTERMEDIATE_CA_ENABLE=0
MBEDTLS.MBEDTLS_X509_RSASSA_PSS_SUPPORT=0
MBEDTLS.MBEDTLS_X509_USE_C=0
MBEDTLS.MBEDTLS_XTEA_ALT=0
MBEDTLS.MBEDTLS_XTEA_C=0
MBEDTLS.MBEDTLS_ZLIB_SUPPORT=0
MBEDTLS.YOTTA_CFG_MBEDTLS_TARGET_CONFIG_FILE_ENABLE=0
Mcu.ContextProject=TrustZoneDisabled
Mcu.Family=STM32L5
Mcu.IP0=AES
Mcu.IP1=FREERTOS
Mcu.IP10=USART1
Mcu.IP2=HASH
Mcu.IP3=ICACHE
Mcu.IP4=MBEDTLS
Mcu.IP5=NVIC
Mcu.IP6=PWR
Mcu.IP7=RCC
Mcu.IP8=RNG
Mcu.IP9=SYS
Mcu.IPNb=11
Mcu.Name=STM32L562QEIxQ
Mcu.Package=UFBGA132
Mcu.Pin0=PG12
Mcu.Pin1=PD3
Mcu.Pin10=VP_MBEDTLS_VS_MBEDTLS
Mcu.Pin11=VP_PWR_VS_DBSignals
Mcu.Pin12=VP_RNG_VS_RNG
Mcu.Pin13=VP_SYS_VS_tim6
Mcu.Pin2=PA9
Mcu.Pin3=PA10
Mcu.Pin4=PH0-OSC_IN (PH0)
Mcu.Pin5=PH1-OSC_OUT (PH1)
Mcu.Pin6=VP_AES_VS_AES
Mcu.Pin7=VP_FREERTOS_VS_CMSIS_V2
Mcu.Pin8=VP_HASH_VS_HASH
Mcu.Pin9=VP_ICACHE_VS_ICACHE
Mcu.PinsNb=14
Mcu.ThirdPartyNb=0
Mcu.UserConstants=
Mcu.UserName=STM32L562QEIxQ
MxCube.Version=6.2.0
MxDb.Version=DB.6.0.20
NVIC.BusFault_IRQn=true\:0\:0\:false\:false\:true\:false\:false\:false
NVIC.DebugMonitor_IRQn=true\:0\:0\:false\:false\:true\:false\:false\:false
NVIC.ForceEnableDMAVector=true
NVIC.HardFault_IRQn=true\:0\:0\:false\:false\:true\:false\:false\:false
NVIC.MemoryManagement_IRQn=true\:0\:0\:false\:false\:true\:false\:false\:false
NVIC.NonMaskableInt_IRQn=true\:0\:0\:false\:false\:true\:false\:false\:false
NVIC.PendSV_IRQn=true\:7\:0\:false\:false\:false\:true\:false\:false
NVIC.PriorityGroup=NVIC_PRIORITYGROUP_3
NVIC.SVCall_IRQn=true\:0\:0\:false\:false\:false\:false\:false\:false
NVIC.SavedPendsvIrqHandlerGenerated=true
NVIC.SavedSvcallIrqHandlerGenerated=true
NVIC.SavedSystickIrqHandlerGenerated=true
NVIC.SysTick_IRQn=true\:7\:0\:false\:false\:false\:true\:true\:true
NVIC.TIM6_IRQn=true\:0\:0\:false\:false\:true\:false\:true\:true
NVIC.TimeBase=TIM6_IRQn
NVIC.TimeBaseIP=TIM6
NVIC.UsageFault_IRQn=true\:0\:0\:false\:false\:true\:false\:false\:false
PA10.GPIOParameters=GPIO_Speed,GPIO_PuPd
PA10.GPIO_PuPd=GPIO_PULLUP
PA10.GPIO_Speed=GPIO_SPEED_FREQ_VERY_HIGH
PA10.Locked=true
PA10.Mode=Asynchronous
PA10.Signal=USART1_RX
PA9.GPIOParameters=GPIO_ModeDefaultPP,GPIO_Speed,GPIO_PuPd
PA9.GPIO_ModeDefaultPP=GPIO_MODE_AF_PP
PA9.GPIO_PuPd=GPIO_PULLUP
PA9.GPIO_Speed=GPIO_SPEED_FREQ_VERY_HIGH
PA9.Locked=true
PA9.Mode=Asynchronous
PA9.Signal=USART1_TX
PD3.GPIOParameters=PinState,GPIO_Label
PD3.GPIO_Label=LED9 (red)
PD3.Locked=true
PD3.PinState=GPIO_PIN_SET
PD3.Signal=GPIO_Output
PG12.GPIOParameters=PinState,GPIO_Label
PG12.GPIO_Label=LED10 (green)
PG12.Locked=true
PG12.PinState=GPIO_PIN_SET
PG12.Signal=GPIO_Output
PH0-OSC_IN\ (PH0).Mode=HSE-External-Oscillator
PH0-OSC_IN\ (PH0).Signal=RCC_OSC_IN
PH1-OSC_OUT\ (PH1).Mode=HSE-External-Oscillator
PH1-OSC_OUT\ (PH1).Signal=RCC_OSC_OUT
PinOutPanel.CurrentBGAView=Top
PinOutPanel.RotationAngle=0
ProjectManager.AskForMigrate=true
ProjectManager.BackupPrevious=false
ProjectManager.CompilerOptimize=6
ProjectManager.ComputerToolchain=false
ProjectManager.CoupleFile=false
ProjectManager.DeletePrevious=true
ProjectManager.DeviceId=STM32L562QEIxQ
ProjectManager.FreePins=false
ProjectManager.HalAssertFull=false
ProjectManager.HeapSize=0x1000
ProjectManager.KeepUserCode=true
ProjectManager.LastFirmware=true
ProjectManager.LibraryCopy=2
ProjectManager.MainLocation=Src
ProjectManager.NoMain=false
ProjectManager.PreviousToolchain=
ProjectManager.ProjectBuild=false
ProjectManager.ProjectFileName=Crypto_Selftest.ioc
ProjectManager.ProjectName=Crypto_Selftest
ProjectManager.RegisterCallBack=
ProjectManager.StackSize=0x1000
ProjectManager.TargetToolchain=EWARM V8.32
ProjectManager.ToolChainLocation=
ProjectManager.UnderRoot=false
ProjectManager.functionlistsort=1-MX_ICACHE_Init-ICACHE-false-HAL-true,2-SystemClock_Config-RCC-false-HAL-false,3-MX_GPIO_Init-GPIO-false-HAL-true,4-MX_RNG_Init-RNG-false-HAL-true,5-MX_MBEDTLS_Init-MBEDTLS-true-HAL-false,6-MX_USART1_UART_Init-USART1-false-HAL-true,7-MX_HASH_Init-HASH-false-HAL-true,8-MX_AES_Init-AES-false-HAL-true,0-MX_PWR_Init-PWR-false-HAL-true
RCC.ADCFreq_Value=16000000
RCC.AHBFreq_Value=110000000
RCC.APB1Freq_Value=110000000
RCC.APB1TimFreq_Value=110000000
RCC.APB2Freq_Value=110000000
RCC.APB2TimFreq_Value=110000000
RCC.CK48CLockSelection=RCC_USBCLKSOURCE_HSI48
RCC.CRSFreq_Value=48000000
RCC.CortexFreq_Value=110000000
RCC.DFSDMFreq_Value=110000000
RCC.FCLKCortexFreq_Value=110000000
RCC.FDCANFreq_Value=110000000
RCC.FamilyName=M
RCC.HCLKFreq_Value=110000000
RCC.HSE_VALUE=8000000
RCC.HSI48_VALUE=48000000
RCC.HSI_VALUE=16000000
RCC.I2C1Freq_Value=110000000
RCC.I2C2Freq_Value=110000000
RCC.I2C3Freq_Value=110000000
RCC.I2C4Freq_Value=110000000
RCC.IPParameters=ADCFreq_Value,AHBFreq_Value,APB1Freq_Value,APB1TimFreq_Value,APB2Freq_Value,APB2TimFreq_Value,CK48CLockSelection,CRSFreq_Value,CortexFreq_Value,DFSDMFreq_Value,FCLKCortexFreq_Value,FDCANFreq_Value,FamilyName,HCLKFreq_Value,HSE_VALUE,HSI48_VALUE,HSI_VALUE,I2C1Freq_Value,I2C2Freq_Value,I2C3Freq_Value,I2C4Freq_Value,LPTIM1Freq_Value,LPTIM2Freq_Value,LPTIM3Freq_Value,LPUART1Freq_Value,LSCOPinFreq_Value,LSE_VALUE,LSI_VALUE,MCO1PinFreq_Value,MSI_VALUE,OCTOSPIMFreq_Value,PLLN,PLLPoutputFreq_Value,PLLQoutputFreq_Value,PLLRCLKFreq_Value,PLLSAI1PoutputFreq_Value,PLLSAI1QoutputFreq_Value,PLLSAI1RoutputFreq_Value,PLLSAI2PoutputFreq_Value,PWRFreq_Value,RNGFreq_Value,SAI1Freq_Value,SAI2Freq_Value,SDMMCFreq_Value,SYSCLKFreq_VALUE,SYSCLKSource,UART4Freq_Value,UART5Freq_Value,USART1Freq_Value,USART2Freq_Value,USART3Freq_Value,USBFreq_Value,VCOInput2Freq_Value,VCOInput3Freq_Value,VCOInputFreq_Value,VCOOutputFreq_Value,VCOSAI1OutputFreq_Value,VCOSAI2OutputFreq_Value
RCC.LPTIM1Freq_Value=110000000
RCC.LPTIM2Freq_Value=110000000
RCC.LPTIM3Freq_Value=110000000
RCC.LPUART1Freq_Value=110000000
RCC.LSCOPinFreq_Value=32000
RCC.LSE_VALUE=32768
RCC.LSI_VALUE=32000
RCC.MCO1PinFreq_Value=110000000
RCC.MSI_VALUE=4000000
RCC.OCTOSPIMFreq_Value=110000000
RCC.PLLN=55
RCC.PLLPoutputFreq_Value=31428571.42857143
RCC.PLLQoutputFreq_Value=110000000
RCC.PLLRCLKFreq_Value=110000000
RCC.PLLSAI1PoutputFreq_Value=4571428.571428572
RCC.PLLSAI1QoutputFreq_Value=16000000
RCC.PLLSAI1RoutputFreq_Value=16000000
RCC.PLLSAI2PoutputFreq_Value=4571428.571428572
RCC.PWRFreq_Value=110000000
RCC.RNGFreq_Value=48000000
RCC.SAI1Freq_Value=4571428.571428572
RCC.SAI2Freq_Value=4571428.571428572
RCC.SDMMCFreq_Value=31428571.42857143
RCC.SYSCLKFreq_VALUE=110000000
RCC.SYSCLKSource=RCC_SYSCLKSOURCE_PLLCLK
RCC.UART4Freq_Value=110000000
RCC.UART5Freq_Value=110000000
RCC.USART1Freq_Value=110000000
RCC.USART2Freq_Value=110000000
RCC.USART3Freq_Value=110000000
RCC.USBFreq_Value=48000000
RCC.VCOInput2Freq_Value=4000000
RCC.VCOInput3Freq_Value=4000000
RCC.VCOInputFreq_Value=4000000
RCC.VCOOutputFreq_Value=220000000
RCC.VCOSAI1OutputFreq_Value=32000000
RCC.VCOSAI2OutputFreq_Value=32000000
RNG.ClockErrorDetection=RNG_CED_ENABLE
RNG.IPParameters=ClockErrorDetection
USART1.AutoBaudRateEnableParam=UART_ADVFEATURE_AUTOBAUDRATE_DISABLE
USART1.BaudRate=9600
USART1.ClockPrescaler=PRESCALER_DIV1
USART1.DMADisableonRxErrorParam=ADVFEATURE_DMA_ENABLEONRXERROR
USART1.DataInvertParam=ADVFEATURE_DATAINV_DISABLE
USART1.FIFOMode=FIFOMODE_DISABLE
USART1.IPParameters=BaudRate,WordLength,Parity,StopBits,Mode,OverSampling,OneBitSampling,ClockPrescaler,FIFOMode,TXFIFOThreshold,RXFIFOThreshold,AutoBaudRateEnableParam,TxPinLevelInvertParam,RxPinLevelInvertParam,DataInvertParam,SwapParam,OverrunDisableParam,DMADisableonRxErrorParam,MSBFirstParam,VirtualMode-Asynchronous
USART1.MSBFirstParam=ADVFEATURE_MSBFIRST_DISABLE
USART1.Mode=MODE_TX_RX
USART1.OneBitSampling=UART_ONE_BIT_SAMPLE_DISABLE
USART1.OverSampling=UART_OVERSAMPLING_16
USART1.OverrunDisableParam=ADVFEATURE_OVERRUN_ENABLE
USART1.Parity=PARITY_NONE
USART1.RXFIFOThreshold=RXFIFO_THRESHOLD_1EIGHTHFULL
USART1.RxPinLevelInvertParam=ADVFEATURE_RXINV_DISABLE
USART1.StopBits=STOPBITS_1
USART1.SwapParam=ADVFEATURE_SWAP_DISABLE
USART1.TXFIFOThreshold=TXFIFO_THRESHOLD_1EIGHTHFULL
USART1.TxPinLevelInvertParam=ADVFEATURE_TXINV_DISABLE
USART1.VirtualMode-Asynchronous=VM_ASYNC
USART1.WordLength=WORDLENGTH_8B
VP_AES_VS_AES.Mode=AES_Activate
VP_AES_VS_AES.Signal=AES_VS_AES
VP_FREERTOS_VS_CMSIS_V2.Mode=CMSIS_V2
VP_FREERTOS_VS_CMSIS_V2.Signal=FREERTOS_VS_CMSIS_V2
VP_HASH_VS_HASH.Mode=HASH_Activate
VP_HASH_VS_HASH.Signal=HASH_VS_HASH
VP_ICACHE_VS_ICACHE.Mode=DirectMappedCache
VP_ICACHE_VS_ICACHE.Signal=ICACHE_VS_ICACHE
VP_MBEDTLS_VS_MBEDTLS.Mode=Enabled
VP_MBEDTLS_VS_MBEDTLS.Signal=MBEDTLS_VS_MBEDTLS
VP_PWR_VS_DBSignals.Mode=DisableDeadBatterySignals
VP_PWR_VS_DBSignals.Signal=PWR_VS_DBSignals
VP_RNG_VS_RNG.Mode=RNG_Activate
VP_RNG_VS_RNG.Signal=RNG_VS_RNG
VP_SYS_VS_tim6.Mode=TIM6
VP_SYS_VS_tim6.Signal=SYS_VS_tim6
board=STM32L562E-DK
boardIOC=true
